{
    "version": 3,
    "terraform_version": "0.11.13",
    "serial": 26,
    "lineage": "1b836c52-ddc0-18ff-dee2-da9eb0b3aeec",
    "modules": [
        {
            "path": [
                "root"
            ],
            "outputs": {},
            "resources": {
                "aws_cloudwatch_event_rule.blog-updater": {
                    "type": "aws_cloudwatch_event_rule",
                    "depends_on": [],
                    "primary": {
                        "id": "blog-updater",
                        "attributes": {
                            "arn": "arn:aws:events:us-east-1:848738341109:rule/blog-updater",
                            "description": "",
                            "id": "blog-updater",
                            "is_enabled": "true",
                            "name": "blog-updater",
                            "role_arn": "",
                            "schedule_expression": "cron(0 * * * ? *)"
                        },
                        "meta": {},
                        "tainted": false
                    },
                    "deposed": [],
                    "provider": "provider.aws"
                },
                "aws_cloudwatch_event_rule.stg-blog-updater": {
                    "type": "aws_cloudwatch_event_rule",
                    "depends_on": [],
                    "primary": {
                        "id": "stg-blog-updater",
                        "attributes": {
                            "arn": "arn:aws:events:us-east-1:848738341109:rule/stg-blog-updater",
                            "description": "",
                            "id": "stg-blog-updater",
                            "is_enabled": "true",
                            "name": "stg-blog-updater",
                            "role_arn": "",
                            "schedule_expression": "cron(0 * * * ? *)"
                        },
                        "meta": {},
                        "tainted": false
                    },
                    "deposed": [],
                    "provider": "provider.aws"
                },
                "aws_cloudwatch_event_target.github_feed_generator": {
                    "type": "aws_cloudwatch_event_target",
                    "depends_on": [
                        "aws_cloudwatch_event_rule.blog-updater",
                        "aws_ecs_cluster.blog-updater",
                        "aws_ecs_task_definition.github_feed_generator",
                        "aws_iam_role.ecs-event"
                    ],
                    "primary": {
                        "id": "blog-updater-terraform-20190316164604041200000004",
                        "attributes": {
                            "arn": "arn:aws:ecs:us-east-1:848738341109:cluster/blog-updater",
                            "ecs_target.#": "1",
                            "ecs_target.0.group": "",
                            "ecs_target.0.launch_type": "EC2",
                            "ecs_target.0.network_configuration.#": "0",
                            "ecs_target.0.platform_version": "",
                            "ecs_target.0.task_count": "1",
                            "ecs_target.0.task_definition_arn": "arn:aws:ecs:us-east-1:848738341109:task-definition/github_feed_generator:1",
                            "id": "blog-updater-terraform-20190316164604041200000004",
                            "input": "{\n    \"containerOverrides\": [\n        {\n            \"name\": \"github_feed_generator\",\n            \"environment\": [\n                {\n                    \"name\": \"BUCKET_NAME\",\n                    \"value\": \"tomohiko.io\"\n                }\n            ]\n        }\n    ]\n}\n",
                            "input_path": "",
                            "role_arn": "arn:aws:iam::848738341109:role/ecs-event",
                            "rule": "blog-updater",
                            "target_id": "terraform-20190316164604041200000004"
                        },
                        "meta": {},
                        "tainted": false
                    },
                    "deposed": [],
                    "provider": "provider.aws"
                },
                "aws_cloudwatch_event_target.sidebar_feed_generator": {
                    "type": "aws_cloudwatch_event_target",
                    "depends_on": [
                        "aws_cloudwatch_event_rule.blog-updater",
                        "aws_ecs_cluster.blog-updater",
                        "aws_ecs_task_definition.sidebar_feed_generator",
                        "aws_iam_role.ecs-event"
                    ],
                    "primary": {
                        "id": "blog-updater-terraform-20190316164604041700000005",
                        "attributes": {
                            "arn": "arn:aws:ecs:us-east-1:848738341109:cluster/blog-updater",
                            "ecs_target.#": "1",
                            "ecs_target.0.group": "",
                            "ecs_target.0.launch_type": "EC2",
                            "ecs_target.0.network_configuration.#": "0",
                            "ecs_target.0.platform_version": "",
                            "ecs_target.0.task_count": "1",
                            "ecs_target.0.task_definition_arn": "arn:aws:ecs:us-east-1:848738341109:task-definition/sidebar_feed_generator:1",
                            "id": "blog-updater-terraform-20190316164604041700000005",
                            "input": "{\n    \"containerOverrides\": [\n        {\n            \"name\": \"sidebar_feed_generator\",\n            \"environment\": [\n                {\n                    \"name\": \"BLOG_URL\",\n                    \"value\": \"https://blog.tomohiko.io/feed.xml\"\n                },\n                {\n                    \"name\": \"BUCKET_NAME\",\n                    \"value\": \"tomohiko.io\"\n                }\n            ]\n        }\n    ]\n}\n",
                            "input_path": "",
                            "role_arn": "arn:aws:iam::848738341109:role/ecs-event",
                            "rule": "blog-updater",
                            "target_id": "terraform-20190316164604041700000005"
                        },
                        "meta": {},
                        "tainted": false
                    },
                    "deposed": [],
                    "provider": "provider.aws"
                },
                "aws_cloudwatch_event_target.stg_github_feed_generator": {
                    "type": "aws_cloudwatch_event_target",
                    "depends_on": [
                        "aws_cloudwatch_event_rule.stg-blog-updater",
                        "aws_ecs_cluster.stg-default",
                        "aws_ecs_task_definition.stg_github_feed_generator",
                        "aws_iam_role.stg-ecs-event"
                    ],
                    "primary": {
                        "id": "stg-blog-updater-terraform-20190317151500832200000002",
                        "attributes": {
                            "arn": "arn:aws:ecs:us-east-1:848738341109:cluster/stg-default",
                            "ecs_target.#": "1",
                            "ecs_target.0.group": "",
                            "ecs_target.0.launch_type": "FARGATE",
                            "ecs_target.0.network_configuration.#": "1",
                            "ecs_target.0.network_configuration.0.assign_public_ip": "true",
                            "ecs_target.0.network_configuration.0.security_groups.#": "1",
                            "ecs_target.0.network_configuration.0.security_groups.3570809122": "sg-0ecccf72c37d374ec",
                            "ecs_target.0.network_configuration.0.subnets.#": "2",
                            "ecs_target.0.network_configuration.0.subnets.4091835292": "subnet-0074039b2961cae11",
                            "ecs_target.0.network_configuration.0.subnets.855803633": "subnet-0fecf70f7bb071262",
                            "ecs_target.0.platform_version": "LATEST",
                            "ecs_target.0.task_count": "1",
                            "ecs_target.0.task_definition_arn": "arn:aws:ecs:us-east-1:848738341109:task-definition/stg_github_feed_generator:2",
                            "id": "stg-blog-updater-terraform-20190317151500832200000002",
                            "input": "{\n    \"containerOverrides\": [\n        {\n            \"name\": \"stg_github_feed_generator\",\n            \"environment\": [\n                {\n                    \"name\": \"BUCKET_NAME\",\n                    \"value\": \"stg.tomohiko.io\"\n                }\n            ]\n        }\n    ]\n}\n",
                            "input_path": "",
                            "role_arn": "arn:aws:iam::848738341109:role/stg-ecs-event",
                            "rule": "stg-blog-updater",
                            "target_id": "terraform-20190317151500832200000002"
                        },
                        "meta": {},
                        "tainted": false
                    },
                    "deposed": [],
                    "provider": "provider.aws"
                },
                "aws_cloudwatch_event_target.stg_sidebar_feed_generator": {
                    "type": "aws_cloudwatch_event_target",
                    "depends_on": [
                        "aws_cloudwatch_event_rule.stg-blog-updater",
                        "aws_ecs_cluster.stg-default",
                        "aws_ecs_task_definition.stg_sidebar_feed_generator",
                        "aws_iam_role.stg-ecs-event"
                    ],
                    "primary": {
                        "id": "stg-blog-updater-terraform-20190317151500831900000001",
                        "attributes": {
                            "arn": "arn:aws:ecs:us-east-1:848738341109:cluster/stg-default",
                            "ecs_target.#": "1",
                            "ecs_target.0.group": "",
                            "ecs_target.0.launch_type": "FARGATE",
                            "ecs_target.0.network_configuration.#": "1",
                            "ecs_target.0.network_configuration.0.assign_public_ip": "true",
                            "ecs_target.0.network_configuration.0.security_groups.#": "1",
                            "ecs_target.0.network_configuration.0.security_groups.3570809122": "sg-0ecccf72c37d374ec",
                            "ecs_target.0.network_configuration.0.subnets.#": "2",
                            "ecs_target.0.network_configuration.0.subnets.4091835292": "subnet-0074039b2961cae11",
                            "ecs_target.0.network_configuration.0.subnets.855803633": "subnet-0fecf70f7bb071262",
                            "ecs_target.0.platform_version": "LATEST",
                            "ecs_target.0.task_count": "1",
                            "ecs_target.0.task_definition_arn": "arn:aws:ecs:us-east-1:848738341109:task-definition/stg_sidebar_feed_generator:2",
                            "id": "stg-blog-updater-terraform-20190317151500831900000001",
                            "input": "{\n    \"containerOverrides\": [\n        {\n            \"name\": \"stg_sidebar_feed_generator\",\n            \"environment\": [\n                {\n                    \"name\": \"BLOG_URL\",\n                    \"value\": \"https://blog.tomohiko.io/feed.xml\"\n                },\n                {\n                    \"name\": \"BUCKET_NAME\",\n                    \"value\": \"stg.tomohiko.io\"\n                }\n            ]\n        }\n    ]\n}\n",
                            "input_path": "",
                            "role_arn": "arn:aws:iam::848738341109:role/stg-ecs-event",
                            "rule": "stg-blog-updater",
                            "target_id": "terraform-20190317151500831900000001"
                        },
                        "meta": {},
                        "tainted": false
                    },
                    "deposed": [],
                    "provider": "provider.aws"
                },
                "aws_cloudwatch_log_group.github_feed_generator": {
                    "type": "aws_cloudwatch_log_group",
                    "depends_on": [],
                    "primary": {
                        "id": "/ecs/github_feed_generator",
                        "attributes": {
                            "arn": "arn:aws:logs:us-east-1:848738341109:log-group:/ecs/github_feed_generator:*",
                            "id": "/ecs/github_feed_generator",
                            "kms_key_id": "",
                            "name": "/ecs/github_feed_generator",
                            "retention_in_days": "0",
                            "tags.%": "0"
                        },
                        "meta": {},
                        "tainted": false
                    },
                    "deposed": [],
                    "provider": "provider.aws"
                },
                "aws_cloudwatch_log_group.sidebar_feed_generator": {
                    "type": "aws_cloudwatch_log_group",
                    "depends_on": [],
                    "primary": {
                        "id": "/ecs/sidebar_feed_generator",
                        "attributes": {
                            "arn": "arn:aws:logs:us-east-1:848738341109:log-group:/ecs/sidebar_feed_generator:*",
                            "id": "/ecs/sidebar_feed_generator",
                            "kms_key_id": "",
                            "name": "/ecs/sidebar_feed_generator",
                            "retention_in_days": "0",
                            "tags.%": "0"
                        },
                        "meta": {},
                        "tainted": false
                    },
                    "deposed": [],
                    "provider": "provider.aws"
                },
                "aws_cloudwatch_log_group.stg_github_feed_generator": {
                    "type": "aws_cloudwatch_log_group",
                    "depends_on": [],
                    "primary": {
                        "id": "/ecs/stg_github_feed_generator",
                        "attributes": {
                            "arn": "arn:aws:logs:us-east-1:848738341109:log-group:/ecs/stg_github_feed_generator:*",
                            "id": "/ecs/stg_github_feed_generator",
                            "kms_key_id": "",
                            "name": "/ecs/stg_github_feed_generator",
                            "retention_in_days": "0",
                            "tags.%": "0"
                        },
                        "meta": {},
                        "tainted": false
                    },
                    "deposed": [],
                    "provider": "provider.aws"
                },
                "aws_cloudwatch_log_group.stg_sidebar_feed_generator": {
                    "type": "aws_cloudwatch_log_group",
                    "depends_on": [],
                    "primary": {
                        "id": "/ecs/stg_sidebar_feed_generator",
                        "attributes": {
                            "arn": "arn:aws:logs:us-east-1:848738341109:log-group:/ecs/stg_sidebar_feed_generator:*",
                            "id": "/ecs/stg_sidebar_feed_generator",
                            "kms_key_id": "",
                            "name": "/ecs/stg_sidebar_feed_generator",
                            "retention_in_days": "0",
                            "tags.%": "0"
                        },
                        "meta": {},
                        "tainted": false
                    },
                    "deposed": [],
                    "provider": "provider.aws"
                },
                "aws_codepipeline.portfolio-site": {
                    "type": "aws_codepipeline",
                    "depends_on": [
                        "aws_iam_role.portfolio-site-codepipeline-iam-role",
                        "aws_s3_bucket.codepipeline-us-east-1-725352146983"
                    ],
                    "primary": {
                        "id": "portfolio-site",
                        "attributes": {
                            "arn": "arn:aws:codepipeline:us-east-1:848738341109:portfolio-site",
                            "artifact_store.#": "1",
                            "artifact_store.0.encryption_key.#": "0",
                            "artifact_store.0.location": "codepipeline-us-east-1-725352146983",
                            "artifact_store.0.type": "S3",
                            "id": "portfolio-site",
                            "name": "portfolio-site",
                            "role_arn": "arn:aws:iam::848738341109:role/service-role/portfolio-site-codepipeline-iam-role",
                            "stage.#": "2",
                            "stage.0.action.#": "1",
                            "stage.0.action.0.category": "Source",
                            "stage.0.action.0.configuration.%": "4",
                            "stage.0.action.0.configuration.Branch": "master",
                            "stage.0.action.0.configuration.Owner": "kter",
                            "stage.0.action.0.configuration.PollForSourceChanges": "false",
                            "stage.0.action.0.configuration.Repo": "portfolio-site",
                            "stage.0.action.0.input_artifacts.#": "0",
                            "stage.0.action.0.name": "Source",
                            "stage.0.action.0.output_artifacts.#": "1",
                            "stage.0.action.0.output_artifacts.0": "SourceArtifact",
                            "stage.0.action.0.owner": "ThirdParty",
                            "stage.0.action.0.provider": "GitHub",
                            "stage.0.action.0.role_arn": "",
                            "stage.0.action.0.run_order": "1",
                            "stage.0.action.0.version": "1",
                            "stage.0.name": "Source",
                            "stage.1.action.#": "1",
                            "stage.1.action.0.category": "Build",
                            "stage.1.action.0.configuration.%": "1",
                            "stage.1.action.0.configuration.ProjectName": "prepare-s3-files",
                            "stage.1.action.0.input_artifacts.#": "1",
                            "stage.1.action.0.input_artifacts.0": "SourceArtifact",
                            "stage.1.action.0.name": "Build",
                            "stage.1.action.0.output_artifacts.#": "1",
                            "stage.1.action.0.output_artifacts.0": "BuildArtifact",
                            "stage.1.action.0.owner": "AWS",
                            "stage.1.action.0.provider": "CodeBuild",
                            "stage.1.action.0.role_arn": "",
                            "stage.1.action.0.run_order": "1",
                            "stage.1.action.0.version": "1",
                            "stage.1.name": "Build"
                        },
                        "meta": {},
                        "tainted": false
                    },
                    "deposed": [],
                    "provider": "provider.aws"
                },
                "aws_codepipeline.stg-portfolio-site": {
                    "type": "aws_codepipeline",
                    "depends_on": [
                        "aws_iam_role.stg-portfolio-site-codepipeline-iam-role",
                        "aws_s3_bucket.codepipeline-us-east-1-725352146983"
                    ],
                    "primary": {
                        "id": "stg.portfolio-site",
                        "attributes": {
                            "arn": "arn:aws:codepipeline:us-east-1:848738341109:stg.portfolio-site",
                            "artifact_store.#": "1",
                            "artifact_store.0.encryption_key.#": "0",
                            "artifact_store.0.location": "codepipeline-us-east-1-725352146983",
                            "artifact_store.0.type": "S3",
                            "id": "stg.portfolio-site",
                            "name": "stg.portfolio-site",
                            "role_arn": "arn:aws:iam::848738341109:role/service-role/stg-portfolio-site-codepipeline-iam-role",
                            "stage.#": "2",
                            "stage.0.action.#": "1",
                            "stage.0.action.0.category": "Source",
                            "stage.0.action.0.configuration.%": "4",
                            "stage.0.action.0.configuration.Branch": "staging",
                            "stage.0.action.0.configuration.Owner": "kter",
                            "stage.0.action.0.configuration.PollForSourceChanges": "false",
                            "stage.0.action.0.configuration.Repo": "portfolio-site",
                            "stage.0.action.0.input_artifacts.#": "0",
                            "stage.0.action.0.name": "Source",
                            "stage.0.action.0.output_artifacts.#": "1",
                            "stage.0.action.0.output_artifacts.0": "SourceArtifact",
                            "stage.0.action.0.owner": "ThirdParty",
                            "stage.0.action.0.provider": "GitHub",
                            "stage.0.action.0.role_arn": "",
                            "stage.0.action.0.run_order": "1",
                            "stage.0.action.0.version": "1",
                            "stage.0.name": "Source",
                            "stage.1.action.#": "1",
                            "stage.1.action.0.category": "Build",
                            "stage.1.action.0.configuration.%": "1",
                            "stage.1.action.0.configuration.ProjectName": "stg-prepare-s3-files",
                            "stage.1.action.0.input_artifacts.#": "1",
                            "stage.1.action.0.input_artifacts.0": "SourceArtifact",
                            "stage.1.action.0.name": "Build",
                            "stage.1.action.0.output_artifacts.#": "1",
                            "stage.1.action.0.output_artifacts.0": "BuildArtifact",
                            "stage.1.action.0.owner": "AWS",
                            "stage.1.action.0.provider": "CodeBuild",
                            "stage.1.action.0.role_arn": "",
                            "stage.1.action.0.run_order": "1",
                            "stage.1.action.0.version": "1",
                            "stage.1.name": "Build"
                        },
                        "meta": {},
                        "tainted": false
                    },
                    "deposed": [],
                    "provider": "provider.aws"
                },
                "aws_ecs_cluster.blog-updater": {
                    "type": "aws_ecs_cluster",
                    "depends_on": [],
                    "primary": {
                        "id": "arn:aws:ecs:us-east-1:848738341109:cluster/blog-updater",
                        "attributes": {
                            "arn": "arn:aws:ecs:us-east-1:848738341109:cluster/blog-updater",
                            "id": "arn:aws:ecs:us-east-1:848738341109:cluster/blog-updater",
                            "name": "blog-updater",
                            "tags.%": "0"
                        },
                        "meta": {},
                        "tainted": false
                    },
                    "deposed": [],
                    "provider": "provider.aws"
                },
                "aws_ecs_cluster.stg-default": {
                    "type": "aws_ecs_cluster",
                    "depends_on": [],
                    "primary": {
                        "id": "arn:aws:ecs:us-east-1:848738341109:cluster/stg-default",
                        "attributes": {
                            "arn": "arn:aws:ecs:us-east-1:848738341109:cluster/stg-default",
                            "id": "arn:aws:ecs:us-east-1:848738341109:cluster/stg-default",
                            "name": "stg-default",
                            "tags.%": "0"
                        },
                        "meta": {},
                        "tainted": false
                    },
                    "deposed": [],
                    "provider": "provider.aws"
                },
                "aws_ecs_task_definition.github_feed_generator": {
                    "type": "aws_ecs_task_definition",
                    "depends_on": [],
                    "primary": {
                        "id": "github_feed_generator",
                        "attributes": {
                            "arn": "arn:aws:ecs:us-east-1:848738341109:task-definition/github_feed_generator:1",
                            "container_definitions": "[{\"cpu\":0,\"environment\":[],\"essential\":true,\"image\":\"kter/github_feed_generator:latest\",\"logConfiguration\":{\"logDriver\":\"awslogs\",\"options\":{\"awslogs-group\":\"/ecs/github_feed_generator\",\"awslogs-region\":\"us-east-1\",\"awslogs-stream-prefix\":\"ecs\"}},\"mountPoints\":[],\"name\":\"github_feed_generator\",\"portMappings\":[],\"volumesFrom\":[]}]",
                            "cpu": "256",
                            "execution_role_arn": "arn:aws:iam::848738341109:role/ecsTaskExecutionRole",
                            "family": "github_feed_generator",
                            "id": "github_feed_generator",
                            "memory": "512",
                            "network_mode": "awsvpc",
                            "placement_constraints.#": "0",
                            "requires_compatibilities.#": "1",
                            "requires_compatibilities.3072437307": "FARGATE",
                            "revision": "1",
                            "tags.%": "0",
                            "task_role_arn": "arn:aws:iam::848738341109:role/portfolio-site-html-updater",
                            "volume.#": "0"
                        },
                        "meta": {
                            "schema_version": "1"
                        },
                        "tainted": false
                    },
                    "deposed": [],
                    "provider": "provider.aws"
                },
                "aws_ecs_task_definition.sidebar_feed_generator": {
                    "type": "aws_ecs_task_definition",
                    "depends_on": [],
                    "primary": {
                        "id": "sidebar_feed_generator",
                        "attributes": {
                            "arn": "arn:aws:ecs:us-east-1:848738341109:task-definition/sidebar_feed_generator:1",
                            "container_definitions": "[{\"cpu\":0,\"environment\":[],\"essential\":true,\"image\":\"kter/sidebar_feed_generator:latest\",\"logConfiguration\":{\"logDriver\":\"awslogs\",\"options\":{\"awslogs-group\":\"/ecs/sidebar_feed_generator\",\"awslogs-region\":\"us-east-1\",\"awslogs-stream-prefix\":\"ecs\"}},\"mountPoints\":[],\"name\":\"sidebar_feed_generator\",\"portMappings\":[],\"volumesFrom\":[]}]",
                            "cpu": "256",
                            "execution_role_arn": "arn:aws:iam::848738341109:role/ecsTaskExecutionRole",
                            "family": "sidebar_feed_generator",
                            "id": "sidebar_feed_generator",
                            "memory": "512",
                            "network_mode": "awsvpc",
                            "placement_constraints.#": "0",
                            "requires_compatibilities.#": "1",
                            "requires_compatibilities.3072437307": "FARGATE",
                            "revision": "1",
                            "tags.%": "0",
                            "task_role_arn": "arn:aws:iam::848738341109:role/portfolio-site-html-updater",
                            "volume.#": "0"
                        },
                        "meta": {
                            "schema_version": "1"
                        },
                        "tainted": false
                    },
                    "deposed": [],
                    "provider": "provider.aws"
                },
                "aws_ecs_task_definition.stg_github_feed_generator": {
                    "type": "aws_ecs_task_definition",
                    "depends_on": [],
                    "primary": {
                        "id": "stg_github_feed_generator",
                        "attributes": {
                            "arn": "arn:aws:ecs:us-east-1:848738341109:task-definition/stg_github_feed_generator:3",
                            "container_definitions": "[{\"cpu\":0,\"environment\":[],\"essential\":true,\"image\":\"kter/github_feed_generator:staging\",\"logConfiguration\":{\"logDriver\":\"awslogs\",\"options\":{\"awslogs-group\":\"/ecs/stg_github_feed_generator\",\"awslogs-region\":\"us-east-1\",\"awslogs-stream-prefix\":\"ecs\"}},\"mountPoints\":[],\"name\":\"stg_github_feed_generator\",\"portMappings\":[],\"volumesFrom\":[]}]",
                            "cpu": "256",
                            "execution_role_arn": "arn:aws:iam::848738341109:role/stg-ecsTaskExecutionRole",
                            "family": "stg_github_feed_generator",
                            "id": "stg_github_feed_generator",
                            "memory": "512",
                            "network_mode": "awsvpc",
                            "placement_constraints.#": "0",
                            "requires_compatibilities.#": "1",
                            "requires_compatibilities.3072437307": "FARGATE",
                            "revision": "3",
                            "tags.%": "0",
                            "task_role_arn": "arn:aws:iam::848738341109:role/stg-portfolio-site-html-updater",
                            "volume.#": "0"
                        },
                        "meta": {
                            "schema_version": "1"
                        },
                        "tainted": false
                    },
                    "deposed": [],
                    "provider": "provider.aws"
                },
                "aws_ecs_task_definition.stg_sidebar_feed_generator": {
                    "type": "aws_ecs_task_definition",
                    "depends_on": [],
                    "primary": {
                        "id": "stg_sidebar_feed_generator",
                        "attributes": {
                            "arn": "arn:aws:ecs:us-east-1:848738341109:task-definition/stg_sidebar_feed_generator:3",
                            "container_definitions": "[{\"cpu\":0,\"environment\":[],\"essential\":true,\"image\":\"kter/sidebar_feed_generator:staging\",\"logConfiguration\":{\"logDriver\":\"awslogs\",\"options\":{\"awslogs-group\":\"/ecs/stg_sidebar_feed_generator\",\"awslogs-region\":\"us-east-1\",\"awslogs-stream-prefix\":\"ecs\"}},\"mountPoints\":[],\"name\":\"stg_sidebar_feed_generator\",\"portMappings\":[],\"volumesFrom\":[]}]",
                            "cpu": "256",
                            "execution_role_arn": "arn:aws:iam::848738341109:role/stg-ecsTaskExecutionRole",
                            "family": "stg_sidebar_feed_generator",
                            "id": "stg_sidebar_feed_generator",
                            "memory": "512",
                            "network_mode": "awsvpc",
                            "placement_constraints.#": "0",
                            "requires_compatibilities.#": "1",
                            "requires_compatibilities.3072437307": "FARGATE",
                            "revision": "3",
                            "tags.%": "0",
                            "task_role_arn": "arn:aws:iam::848738341109:role/stg-portfolio-site-html-updater",
                            "volume.#": "0"
                        },
                        "meta": {
                            "schema_version": "1"
                        },
                        "tainted": false
                    },
                    "deposed": [],
                    "provider": "provider.aws"
                },
                "aws_iam_role.ecs-event": {
                    "type": "aws_iam_role",
                    "depends_on": [
                        "data.aws_iam_policy_document.ecs-event"
                    ],
                    "primary": {
                        "id": "ecs-event",
                        "attributes": {
                            "arn": "arn:aws:iam::848738341109:role/ecs-event",
                            "assume_role_policy": "{\"Version\":\"2012-10-17\",\"Statement\":[{\"Sid\":\"\",\"Effect\":\"Allow\",\"Principal\":{\"Service\":\"events.amazonaws.com\"},\"Action\":\"sts:AssumeRole\"}]}",
                            "create_date": "2019-03-17T09:25:29Z",
                            "description": "",
                            "force_detach_policies": "false",
                            "id": "ecs-event",
                            "max_session_duration": "3600",
                            "name": "ecs-event",
                            "path": "/",
                            "tags.%": "0",
                            "unique_id": "AROAI2ARSA2OIXZJVOKU4"
                        },
                        "meta": {},
                        "tainted": false
                    },
                    "deposed": [],
                    "provider": "provider.aws"
                },
                "aws_iam_role.ecsTaskExecutionRole": {
                    "type": "aws_iam_role",
                    "depends_on": [
                        "data.aws_iam_policy_document.ecsTaskExecutionRole"
                    ],
                    "primary": {
                        "id": "ecsTaskExecutionRole",
                        "attributes": {
                            "arn": "arn:aws:iam::848738341109:role/ecsTaskExecutionRole",
                            "assume_role_policy": "{\"Version\":\"2012-10-17\",\"Statement\":[{\"Sid\":\"\",\"Effect\":\"Allow\",\"Principal\":{\"Service\":\"ecs-tasks.amazonaws.com\"},\"Action\":\"sts:AssumeRole\"}]}",
                            "create_date": "2018-09-17T06:46:23Z",
                            "description": "",
                            "force_detach_policies": "false",
                            "id": "ecsTaskExecutionRole",
                            "max_session_duration": "3600",
                            "name": "ecsTaskExecutionRole",
                            "path": "/",
                            "tags.%": "0",
                            "unique_id": "AROAILLVMGQG2XXG4BO7M"
                        },
                        "meta": {},
                        "tainted": false
                    },
                    "deposed": [],
                    "provider": "provider.aws"
                },
                "aws_iam_role.portfolio-site-codepipeline-iam-role": {
                    "type": "aws_iam_role",
                    "depends_on": [
                        "data.aws_iam_policy_document.portfolio-site-codepipeline-iam-role"
                    ],
                    "primary": {
                        "id": "portfolio-site-codepipeline-iam-role",
                        "attributes": {
                            "arn": "arn:aws:iam::848738341109:role/service-role/portfolio-site-codepipeline-iam-role",
                            "assume_role_policy": "{\"Version\":\"2012-10-17\",\"Statement\":[{\"Sid\":\"\",\"Effect\":\"Allow\",\"Principal\":{\"Service\":\"codepipeline.amazonaws.com\"},\"Action\":\"sts:AssumeRole\"}]}",
                            "create_date": "2019-03-17T06:54:22Z",
                            "description": "",
                            "force_detach_policies": "false",
                            "id": "portfolio-site-codepipeline-iam-role",
                            "max_session_duration": "3600",
                            "name": "portfolio-site-codepipeline-iam-role",
                            "path": "/service-role/",
                            "tags.%": "0",
                            "unique_id": "AROAIQDIOZWCYTO2YBNFY"
                        },
                        "meta": {},
                        "tainted": false
                    },
                    "deposed": [],
                    "provider": "provider.aws"
                },
                "aws_iam_role.portfolio-site-html-updater": {
                    "type": "aws_iam_role",
                    "depends_on": [
                        "data.aws_iam_policy_document.portfolio-site-html-updater"
                    ],
                    "primary": {
                        "id": "portfolio-site-html-updater",
                        "attributes": {
                            "arn": "arn:aws:iam::848738341109:role/portfolio-site-html-updater",
                            "assume_role_policy": "{\"Version\":\"2012-10-17\",\"Statement\":[{\"Sid\":\"\",\"Effect\":\"Allow\",\"Principal\":{\"Service\":\"ecs-tasks.amazonaws.com\"},\"Action\":\"sts:AssumeRole\"}]}",
                            "create_date": "2019-03-15T17:33:56Z",
                            "description": "",
                            "force_detach_policies": "false",
                            "id": "portfolio-site-html-updater",
                            "max_session_duration": "3600",
                            "name": "portfolio-site-html-updater",
                            "path": "/",
                            "tags.%": "0",
                            "unique_id": "AROAIAUNCHAUIZAJSQFRM"
                        },
                        "meta": {},
                        "tainted": false
                    },
                    "deposed": [],
                    "provider": "provider.aws"
                },
                "aws_iam_role.stg-ecs-event": {
                    "type": "aws_iam_role",
                    "depends_on": [
                        "data.aws_iam_policy_document.stg-ecs-event"
                    ],
                    "primary": {
                        "id": "stg-ecs-event",
                        "attributes": {
                            "arn": "arn:aws:iam::848738341109:role/stg-ecs-event",
                            "assume_role_policy": "{\"Version\":\"2012-10-17\",\"Statement\":[{\"Sid\":\"\",\"Effect\":\"Allow\",\"Principal\":{\"Service\":\"events.amazonaws.com\"},\"Action\":\"sts:AssumeRole\"}]}",
                            "create_date": "2019-03-17T09:27:53Z",
                            "description": "",
                            "force_detach_policies": "false",
                            "id": "stg-ecs-event",
                            "max_session_duration": "3600",
                            "name": "stg-ecs-event",
                            "path": "/",
                            "tags.%": "0",
                            "unique_id": "AROAIXSPLDGI2I77EYSC6"
                        },
                        "meta": {},
                        "tainted": false
                    },
                    "deposed": [],
                    "provider": "provider.aws"
                },
                "aws_iam_role.stg-ecsTaskExecutionRole": {
                    "type": "aws_iam_role",
                    "depends_on": [
                        "data.aws_iam_policy_document.stg-ecsTaskExecutionRole"
                    ],
                    "primary": {
                        "id": "stg-ecsTaskExecutionRole",
                        "attributes": {
                            "arn": "arn:aws:iam::848738341109:role/stg-ecsTaskExecutionRole",
                            "assume_role_policy": "{\"Version\":\"2012-10-17\",\"Statement\":[{\"Sid\":\"\",\"Effect\":\"Allow\",\"Principal\":{\"Service\":\"ecs-tasks.amazonaws.com\"},\"Action\":\"sts:AssumeRole\"}]}",
                            "create_date": "2019-03-17T09:25:29Z",
                            "description": "",
                            "force_detach_policies": "false",
                            "id": "stg-ecsTaskExecutionRole",
                            "max_session_duration": "3600",
                            "name": "stg-ecsTaskExecutionRole",
                            "path": "/",
                            "tags.%": "0",
                            "unique_id": "AROAIK3TQUWRAA5GXYLUG"
                        },
                        "meta": {},
                        "tainted": false
                    },
                    "deposed": [],
                    "provider": "provider.aws"
                },
                "aws_iam_role.stg-portfolio-site-codepipeline-iam-role": {
                    "type": "aws_iam_role",
                    "depends_on": [
                        "data.aws_iam_policy_document.stg-portfolio-site-codepipeline-iam-role"
                    ],
                    "primary": {
                        "id": "stg-portfolio-site-codepipeline-iam-role",
                        "attributes": {
                            "arn": "arn:aws:iam::848738341109:role/service-role/stg-portfolio-site-codepipeline-iam-role",
                            "assume_role_policy": "{\"Version\":\"2012-10-17\",\"Statement\":[{\"Sid\":\"\",\"Effect\":\"Allow\",\"Principal\":{\"Service\":\"codepipeline.amazonaws.com\"},\"Action\":\"sts:AssumeRole\"}]}",
                            "create_date": "2019-03-17T06:47:11Z",
                            "description": "",
                            "force_detach_policies": "false",
                            "id": "stg-portfolio-site-codepipeline-iam-role",
                            "max_session_duration": "3600",
                            "name": "stg-portfolio-site-codepipeline-iam-role",
                            "path": "/service-role/",
                            "tags.%": "0",
                            "unique_id": "AROAIMKLH6KRFWV6JQQ4Y"
                        },
                        "meta": {},
                        "tainted": false
                    },
                    "deposed": [],
                    "provider": "provider.aws"
                },
                "aws_iam_role.stg-portfolio-site-html-updater": {
                    "type": "aws_iam_role",
                    "depends_on": [
                        "data.aws_iam_policy_document.stg-portfolio-site-html-updater"
                    ],
                    "primary": {
                        "id": "stg-portfolio-site-html-updater",
                        "attributes": {
                            "arn": "arn:aws:iam::848738341109:role/stg-portfolio-site-html-updater",
                            "assume_role_policy": "{\"Version\":\"2012-10-17\",\"Statement\":[{\"Sid\":\"\",\"Effect\":\"Allow\",\"Principal\":{\"Service\":\"ecs-tasks.amazonaws.com\"},\"Action\":\"sts:AssumeRole\"}]}",
                            "create_date": "2019-03-17T09:25:29Z",
                            "description": "",
                            "force_detach_policies": "false",
                            "id": "stg-portfolio-site-html-updater",
                            "max_session_duration": "3600",
                            "name": "stg-portfolio-site-html-updater",
                            "path": "/",
                            "tags.%": "0",
                            "unique_id": "AROAIS5Y3XZG6DH7DMUPI"
                        },
                        "meta": {},
                        "tainted": false
                    },
                    "deposed": [],
                    "provider": "provider.aws"
                },
                "aws_iam_role_policy.ecs-event": {
                    "type": "aws_iam_role_policy",
                    "depends_on": [
                        "aws_iam_role.ecs-event",
                        "data.aws_iam_policy_document.ecs-event-policy"
                    ],
                    "primary": {
                        "id": "ecs-event:ecs-event",
                        "attributes": {
                            "id": "ecs-event:ecs-event",
                            "name": "ecs-event",
                            "policy": "{\n  \"Version\": \"2012-10-17\",\n  \"Statement\": [\n    {\n      \"Sid\": \"\",\n      \"Effect\": \"Allow\",\n      \"Action\": \"ecs:RunTask\",\n      \"Resource\": \"*\"\n    },\n    {\n      \"Sid\": \"\",\n      \"Effect\": \"Allow\",\n      \"Action\": \"iam:PassRole\",\n      \"Resource\": \"*\",\n      \"Condition\": {\n        \"StringLike\": {\n          \"iam:PassedToService\": \"ecs-tasks.amazonaws.com\"\n        }\n      }\n    }\n  ]\n}",
                            "role": "ecs-event"
                        },
                        "meta": {},
                        "tainted": false
                    },
                    "deposed": [],
                    "provider": "provider.aws"
                },
                "aws_iam_role_policy.ecsTaskExecutionRole": {
                    "type": "aws_iam_role_policy",
                    "depends_on": [
                        "aws_iam_role.ecsTaskExecutionRole",
                        "data.aws_iam_policy_document.ecsTaskExecutionRole-policy"
                    ],
                    "primary": {
                        "id": "ecsTaskExecutionRole:ecsTaskExecutionRole",
                        "attributes": {
                            "id": "ecsTaskExecutionRole:ecsTaskExecutionRole",
                            "name": "ecsTaskExecutionRole",
                            "policy": "{\n  \"Version\": \"2012-10-17\",\n  \"Statement\": [\n    {\n      \"Sid\": \"\",\n      \"Effect\": \"Allow\",\n      \"Action\": [\n        \"logs:PutLogEvents\",\n        \"logs:CreateLogStream\",\n        \"ecr:GetDownloadUrlForLayer\",\n        \"ecr:GetAuthorizationToken\",\n        \"ecr:BatchGetImage\",\n        \"ecr:BatchCheckLayerAvailability\"\n      ],\n      \"Resource\": \"*\"\n    }\n  ]\n}",
                            "role": "ecsTaskExecutionRole"
                        },
                        "meta": {},
                        "tainted": false
                    },
                    "deposed": [],
                    "provider": "provider.aws"
                },
                "aws_iam_role_policy.portfolio-site-codepipeline-iam-role": {
                    "type": "aws_iam_role_policy",
                    "depends_on": [
                        "aws_iam_role.portfolio-site-codepipeline-iam-role",
                        "data.aws_iam_policy_document.portfolio-site-codepipeline-iam-role-policy"
                    ],
                    "primary": {
                        "id": "portfolio-site-codepipeline-iam-role:portfolio-site-codepipeline-iam-role",
                        "attributes": {
                            "id": "portfolio-site-codepipeline-iam-role:portfolio-site-codepipeline-iam-role",
                            "name": "portfolio-site-codepipeline-iam-role",
                            "policy": "{\n  \"Version\": \"2012-10-17\",\n  \"Statement\": [\n    {\n      \"Sid\": \"\",\n      \"Effect\": \"Allow\",\n      \"Action\": \"iam:PassRole\",\n      \"Resource\": \"*\",\n      \"Condition\": {\n        \"StringEqualsIfExists\": {\n          \"iam:PassedToService\": [\n            \"elasticbeanstalk.amazonaws.com\",\n            \"ecs-tasks.amazonaws.com\",\n            \"ec2.amazonaws.com\",\n            \"cloudformation.amazonaws.com\"\n          ]\n        }\n      }\n    },\n    {\n      \"Sid\": \"\",\n      \"Effect\": \"Allow\",\n      \"Action\": [\n        \"codecommit:UploadArchive\",\n        \"codecommit:GetUploadArchiveStatus\",\n        \"codecommit:GetCommit\",\n        \"codecommit:GetBranch\",\n        \"codecommit:CancelUploadArchive\"\n      ],\n      \"Resource\": \"*\"\n    },\n    {\n      \"Sid\": \"\",\n      \"Effect\": \"Allow\",\n      \"Action\": [\n        \"codedeploy:RegisterApplicationRevision\",\n        \"codedeploy:GetDeploymentConfig\",\n        \"codedeploy:GetDeployment\",\n        \"codedeploy:GetApplicationRevision\",\n        \"codedeploy:GetApplication\",\n        \"codedeploy:CreateDeployment\"\n      ],\n      \"Resource\": \"*\"\n    },\n    {\n      \"Sid\": \"\",\n      \"Effect\": \"Allow\",\n      \"Action\": [\n        \"sqs:*\",\n        \"sns:*\",\n        \"s3:*\",\n        \"rds:*\",\n        \"elasticloadbalancing:*\",\n        \"elasticbeanstalk:*\",\n        \"ecs:*\",\n        \"ec2:*\",\n        \"cloudwatch:*\",\n        \"cloudformation:*\",\n        \"autoscaling:*\"\n      ],\n      \"Resource\": \"*\"\n    },\n    {\n      \"Sid\": \"\",\n      \"Effect\": \"Allow\",\n      \"Action\": [\n        \"lambda:ListFunctions\",\n        \"lambda:InvokeFunction\"\n      ],\n      \"Resource\": \"*\"\n    },\n    {\n      \"Sid\": \"\",\n      \"Effect\": \"Allow\",\n      \"Action\": [\n        \"opsworks:UpdateStack\",\n        \"opsworks:UpdateApp\",\n        \"opsworks:DescribeStacks\",\n        \"opsworks:DescribeInstances\",\n        \"opsworks:DescribeDeployments\",\n        \"opsworks:DescribeCommands\",\n        \"opsworks:DescribeApps\",\n        \"opsworks:CreateDeployment\"\n      ],\n      \"Resource\": \"*\"\n    },\n    {\n      \"Sid\": \"\",\n      \"Effect\": \"Allow\",\n      \"Action\": [\n        \"cloudformation:ValidateTemplate\",\n        \"cloudformation:UpdateStack\",\n        \"cloudformation:SetStackPolicy\",\n        \"cloudformation:ExecuteChangeSet\",\n        \"cloudformation:DescribeStacks\",\n        \"cloudformation:DescribeChangeSet\",\n        \"cloudformation:DeleteStack\",\n        \"cloudformation:DeleteChangeSet\",\n        \"cloudformation:CreateStack\",\n        \"cloudformation:CreateChangeSet\"\n      ],\n      \"Resource\": \"*\"\n    },\n    {\n      \"Sid\": \"\",\n      \"Effect\": \"Allow\",\n      \"Action\": [\n        \"codebuild:StartBuild\",\n        \"codebuild:BatchGetBuilds\"\n      ],\n      \"Resource\": \"*\"\n    },\n    {\n      \"Sid\": \"\",\n      \"Effect\": \"Allow\",\n      \"Action\": [\n        \"devicefarm:ScheduleRun\",\n        \"devicefarm:ListProjects\",\n        \"devicefarm:ListDevicePools\",\n        \"devicefarm:GetUpload\",\n        \"devicefarm:GetRun\",\n        \"devicefarm:CreateUpload\"\n      ],\n      \"Resource\": \"*\"\n    },\n    {\n      \"Sid\": \"\",\n      \"Effect\": \"Allow\",\n      \"Action\": [\n        \"servicecatalog:UpdateProduct\",\n        \"servicecatalog:ListProvisioningArtifacts\",\n        \"servicecatalog:DescribeProvisioningArtifact\",\n        \"servicecatalog:DeleteProvisioningArtifact\",\n        \"servicecatalog:CreateProvisioningArtifact\"\n      ],\n      \"Resource\": \"*\"\n    },\n    {\n      \"Sid\": \"\",\n      \"Effect\": \"Allow\",\n      \"Action\": \"cloudformation:ValidateTemplate\",\n      \"Resource\": \"*\"\n    },\n    {\n      \"Sid\": \"\",\n      \"Effect\": \"Allow\",\n      \"Action\": \"ecr:DescribeImages\",\n      \"Resource\": \"*\"\n    }\n  ]\n}",
                            "role": "portfolio-site-codepipeline-iam-role"
                        },
                        "meta": {},
                        "tainted": false
                    },
                    "deposed": [],
                    "provider": "provider.aws"
                },
                "aws_iam_role_policy.portfolio-site-html-updater": {
                    "type": "aws_iam_role_policy",
                    "depends_on": [
                        "aws_iam_role.portfolio-site-html-updater",
                        "data.aws_iam_policy_document.portfolio-site-html-updater-policy"
                    ],
                    "primary": {
                        "id": "portfolio-site-html-updater:portfolio-site-html-updater",
                        "attributes": {
                            "id": "portfolio-site-html-updater:portfolio-site-html-updater",
                            "name": "portfolio-site-html-updater",
                            "policy": "{\n  \"Version\": \"2012-10-17\",\n  \"Statement\": [\n    {\n      \"Sid\": \"\",\n      \"Effect\": \"Allow\",\n      \"Action\": \"s3:*\",\n      \"Resource\": \"*\"\n    }\n  ]\n}",
                            "role": "portfolio-site-html-updater"
                        },
                        "meta": {},
                        "tainted": false
                    },
                    "deposed": [],
                    "provider": "provider.aws"
                },
                "aws_iam_role_policy.stg-ecs-event": {
                    "type": "aws_iam_role_policy",
                    "depends_on": [
                        "aws_iam_role.stg-ecs-event",
                        "data.aws_iam_policy_document.stg-ecs-event-policy"
                    ],
                    "primary": {
                        "id": "stg-ecs-event:stg-ecs-event",
                        "attributes": {
                            "id": "stg-ecs-event:stg-ecs-event",
                            "name": "stg-ecs-event",
                            "policy": "{\n  \"Version\": \"2012-10-17\",\n  \"Statement\": [\n    {\n      \"Sid\": \"\",\n      \"Effect\": \"Allow\",\n      \"Action\": \"ecs:RunTask\",\n      \"Resource\": \"*\"\n    },\n    {\n      \"Sid\": \"\",\n      \"Effect\": \"Allow\",\n      \"Action\": \"iam:PassRole\",\n      \"Resource\": \"*\",\n      \"Condition\": {\n        \"StringLike\": {\n          \"iam:PassedToService\": \"ecs-tasks.amazonaws.com\"\n        }\n      }\n    }\n  ]\n}",
                            "role": "stg-ecs-event"
                        },
                        "meta": {},
                        "tainted": false
                    },
                    "deposed": [],
                    "provider": "provider.aws"
                },
                "aws_iam_role_policy.stg-ecsTaskExecutionRole": {
                    "type": "aws_iam_role_policy",
                    "depends_on": [
                        "aws_iam_role.stg-ecsTaskExecutionRole",
                        "data.aws_iam_policy_document.stg-ecsTaskExecutionRole-policy"
                    ],
                    "primary": {
                        "id": "stg-ecsTaskExecutionRole:stg-ecsTaskExecutionRole",
                        "attributes": {
                            "id": "stg-ecsTaskExecutionRole:stg-ecsTaskExecutionRole",
                            "name": "stg-ecsTaskExecutionRole",
                            "policy": "{\n  \"Version\": \"2012-10-17\",\n  \"Statement\": [\n    {\n      \"Sid\": \"\",\n      \"Effect\": \"Allow\",\n      \"Action\": [\n        \"logs:PutLogEvents\",\n        \"logs:CreateLogStream\",\n        \"ecr:GetDownloadUrlForLayer\",\n        \"ecr:GetAuthorizationToken\",\n        \"ecr:BatchGetImage\",\n        \"ecr:BatchCheckLayerAvailability\"\n      ],\n      \"Resource\": \"*\"\n    }\n  ]\n}",
                            "role": "stg-ecsTaskExecutionRole"
                        },
                        "meta": {},
                        "tainted": false
                    },
                    "deposed": [],
                    "provider": "provider.aws"
                },
                "aws_iam_role_policy.stg-portfolio-site-codepipeline-iam-role": {
                    "type": "aws_iam_role_policy",
                    "depends_on": [
                        "aws_iam_role.stg-portfolio-site-codepipeline-iam-role",
                        "data.aws_iam_policy_document.stg-portfolio-site-codepipeline-iam-role-policy"
                    ],
                    "primary": {
                        "id": "stg-portfolio-site-codepipeline-iam-role:stg-portfolio-site-codepipeline-iam-role",
                        "attributes": {
                            "id": "stg-portfolio-site-codepipeline-iam-role:stg-portfolio-site-codepipeline-iam-role",
                            "name": "stg-portfolio-site-codepipeline-iam-role",
                            "policy": "{\n  \"Version\": \"2012-10-17\",\n  \"Statement\": [\n    {\n      \"Sid\": \"\",\n      \"Effect\": \"Allow\",\n      \"Action\": \"iam:PassRole\",\n      \"Resource\": \"*\",\n      \"Condition\": {\n        \"StringEqualsIfExists\": {\n          \"iam:PassedToService\": [\n            \"elasticbeanstalk.amazonaws.com\",\n            \"ecs-tasks.amazonaws.com\",\n            \"ec2.amazonaws.com\",\n            \"cloudformation.amazonaws.com\"\n          ]\n        }\n      }\n    },\n    {\n      \"Sid\": \"\",\n      \"Effect\": \"Allow\",\n      \"Action\": [\n        \"codecommit:UploadArchive\",\n        \"codecommit:GetUploadArchiveStatus\",\n        \"codecommit:GetCommit\",\n        \"codecommit:GetBranch\",\n        \"codecommit:CancelUploadArchive\"\n      ],\n      \"Resource\": \"*\"\n    },\n    {\n      \"Sid\": \"\",\n      \"Effect\": \"Allow\",\n      \"Action\": [\n        \"codedeploy:RegisterApplicationRevision\",\n        \"codedeploy:GetDeploymentConfig\",\n        \"codedeploy:GetDeployment\",\n        \"codedeploy:GetApplicationRevision\",\n        \"codedeploy:GetApplication\",\n        \"codedeploy:CreateDeployment\"\n      ],\n      \"Resource\": \"*\"\n    },\n    {\n      \"Sid\": \"\",\n      \"Effect\": \"Allow\",\n      \"Action\": [\n        \"sqs:*\",\n        \"sns:*\",\n        \"s3:*\",\n        \"rds:*\",\n        \"elasticloadbalancing:*\",\n        \"elasticbeanstalk:*\",\n        \"ecs:*\",\n        \"ec2:*\",\n        \"cloudwatch:*\",\n        \"cloudformation:*\",\n        \"autoscaling:*\"\n      ],\n      \"Resource\": \"*\"\n    },\n    {\n      \"Sid\": \"\",\n      \"Effect\": \"Allow\",\n      \"Action\": [\n        \"lambda:ListFunctions\",\n        \"lambda:InvokeFunction\"\n      ],\n      \"Resource\": \"*\"\n    },\n    {\n      \"Sid\": \"\",\n      \"Effect\": \"Allow\",\n      \"Action\": [\n        \"opsworks:UpdateStack\",\n        \"opsworks:UpdateApp\",\n        \"opsworks:DescribeStacks\",\n        \"opsworks:DescribeInstances\",\n        \"opsworks:DescribeDeployments\",\n        \"opsworks:DescribeCommands\",\n        \"opsworks:DescribeApps\",\n        \"opsworks:CreateDeployment\"\n      ],\n      \"Resource\": \"*\"\n    },\n    {\n      \"Sid\": \"\",\n      \"Effect\": \"Allow\",\n      \"Action\": [\n        \"cloudformation:ValidateTemplate\",\n        \"cloudformation:UpdateStack\",\n        \"cloudformation:SetStackPolicy\",\n        \"cloudformation:ExecuteChangeSet\",\n        \"cloudformation:DescribeStacks\",\n        \"cloudformation:DescribeChangeSet\",\n        \"cloudformation:DeleteStack\",\n        \"cloudformation:DeleteChangeSet\",\n        \"cloudformation:CreateStack\",\n        \"cloudformation:CreateChangeSet\"\n      ],\n      \"Resource\": \"*\"\n    },\n    {\n      \"Sid\": \"\",\n      \"Effect\": \"Allow\",\n      \"Action\": [\n        \"codebuild:StartBuild\",\n        \"codebuild:BatchGetBuilds\"\n      ],\n      \"Resource\": \"*\"\n    },\n    {\n      \"Sid\": \"\",\n      \"Effect\": \"Allow\",\n      \"Action\": [\n        \"devicefarm:ScheduleRun\",\n        \"devicefarm:ListProjects\",\n        \"devicefarm:ListDevicePools\",\n        \"devicefarm:GetUpload\",\n        \"devicefarm:GetRun\",\n        \"devicefarm:CreateUpload\"\n      ],\n      \"Resource\": \"*\"\n    },\n    {\n      \"Sid\": \"\",\n      \"Effect\": \"Allow\",\n      \"Action\": [\n        \"servicecatalog:UpdateProduct\",\n        \"servicecatalog:ListProvisioningArtifacts\",\n        \"servicecatalog:DescribeProvisioningArtifact\",\n        \"servicecatalog:DeleteProvisioningArtifact\",\n        \"servicecatalog:CreateProvisioningArtifact\"\n      ],\n      \"Resource\": \"*\"\n    },\n    {\n      \"Sid\": \"\",\n      \"Effect\": \"Allow\",\n      \"Action\": \"cloudformation:ValidateTemplate\",\n      \"Resource\": \"*\"\n    },\n    {\n      \"Sid\": \"\",\n      \"Effect\": \"Allow\",\n      \"Action\": \"ecr:DescribeImages\",\n      \"Resource\": \"*\"\n    }\n  ]\n}",
                            "role": "stg-portfolio-site-codepipeline-iam-role"
                        },
                        "meta": {},
                        "tainted": false
                    },
                    "deposed": [],
                    "provider": "provider.aws"
                },
                "aws_iam_role_policy.stg-portfolio-site-html-updater": {
                    "type": "aws_iam_role_policy",
                    "depends_on": [
                        "aws_iam_role.stg-portfolio-site-html-updater",
                        "data.aws_iam_policy_document.stg-portfolio-site-html-updater-policy"
                    ],
                    "primary": {
                        "id": "stg-portfolio-site-html-updater:stg-portfolio-site-html-updater",
                        "attributes": {
                            "id": "stg-portfolio-site-html-updater:stg-portfolio-site-html-updater",
                            "name": "stg-portfolio-site-html-updater",
                            "policy": "{\n  \"Version\": \"2012-10-17\",\n  \"Statement\": [\n    {\n      \"Sid\": \"\",\n      \"Effect\": \"Allow\",\n      \"Action\": \"s3:*\",\n      \"Resource\": \"*\"\n    }\n  ]\n}",
                            "role": "stg-portfolio-site-html-updater"
                        },
                        "meta": {},
                        "tainted": false
                    },
                    "deposed": [],
                    "provider": "provider.aws"
                },
                "aws_internet_gateway.vpc_main-igw": {
                    "type": "aws_internet_gateway",
                    "depends_on": [
                        "aws_vpc.vpc_main"
                    ],
                    "primary": {
                        "id": "igw-01906fe78e22734d3",
                        "attributes": {
                            "id": "igw-01906fe78e22734d3",
                            "owner_id": "848738341109",
                            "tags.%": "0",
                            "vpc_id": "vpc-0898a4bd56772d4ae"
                        },
                        "meta": {},
                        "tainted": false
                    },
                    "deposed": [],
                    "provider": "provider.aws"
                },
                "aws_route_table.vpc_main-public-rt": {
                    "type": "aws_route_table",
                    "depends_on": [
                        "aws_internet_gateway.vpc_main-igw",
                        "aws_vpc.vpc_main"
                    ],
                    "primary": {
                        "id": "rtb-081e2cbdcab5be1fb",
                        "attributes": {
                            "id": "rtb-081e2cbdcab5be1fb",
                            "owner_id": "848738341109",
                            "propagating_vgws.#": "0",
                            "route.#": "1",
                            "route.282794496.cidr_block": "0.0.0.0/0",
                            "route.282794496.egress_only_gateway_id": "",
                            "route.282794496.gateway_id": "igw-01906fe78e22734d3",
                            "route.282794496.instance_id": "",
                            "route.282794496.ipv6_cidr_block": "",
                            "route.282794496.nat_gateway_id": "",
                            "route.282794496.network_interface_id": "",
                            "route.282794496.transit_gateway_id": "",
                            "route.282794496.vpc_peering_connection_id": "",
                            "tags.%": "0",
                            "vpc_id": "vpc-0898a4bd56772d4ae"
                        },
                        "meta": {},
                        "tainted": false
                    },
                    "deposed": [],
                    "provider": "provider.aws"
                },
                "aws_route_table_association.vpc_main-rta1": {
                    "type": "aws_route_table_association",
                    "depends_on": [
                        "aws_route_table.vpc_main-public-rt",
                        "aws_subnet.vpc_main-public-subnet1"
                    ],
                    "primary": {
                        "id": "rtbassoc-048e552caaa329d9b",
                        "attributes": {
                            "id": "rtbassoc-048e552caaa329d9b",
                            "route_table_id": "rtb-081e2cbdcab5be1fb",
                            "subnet_id": "subnet-06aa3185c1bcc3d38"
                        },
                        "meta": {},
                        "tainted": false
                    },
                    "deposed": [],
                    "provider": "provider.aws"
                },
                "aws_route_table_association.vpc_main-rta2": {
                    "type": "aws_route_table_association",
                    "depends_on": [
                        "aws_route_table.vpc_main-public-rt",
                        "aws_subnet.vpc_main-public-subnet2"
                    ],
                    "primary": {
                        "id": "rtbassoc-07b206919cb079055",
                        "attributes": {
                            "id": "rtbassoc-07b206919cb079055",
                            "route_table_id": "rtb-081e2cbdcab5be1fb",
                            "subnet_id": "subnet-03e1ffefac212c7ab"
                        },
                        "meta": {},
                        "tainted": false
                    },
                    "deposed": [],
                    "provider": "provider.aws"
                },
                "aws_s3_bucket.codepipeline-us-east-1-725352146983": {
                    "type": "aws_s3_bucket",
                    "depends_on": [],
                    "primary": {
                        "id": "codepipeline-us-east-1-725352146983",
                        "attributes": {
                            "acceleration_status": "",
                            "acl": "private",
                            "arn": "arn:aws:s3:::codepipeline-us-east-1-725352146983",
                            "bucket": "codepipeline-us-east-1-725352146983",
                            "bucket_domain_name": "codepipeline-us-east-1-725352146983.s3.amazonaws.com",
                            "bucket_regional_domain_name": "codepipeline-us-east-1-725352146983.s3.amazonaws.com",
                            "cors_rule.#": "0",
                            "force_destroy": "false",
                            "hosted_zone_id": "Z3AQBSTGFYJSTF",
                            "id": "codepipeline-us-east-1-725352146983",
                            "lifecycle_rule.#": "0",
                            "logging.#": "0",
                            "object_lock_configuration.#": "0",
                            "region": "us-east-1",
                            "replication_configuration.#": "0",
                            "request_payer": "BucketOwner",
                            "server_side_encryption_configuration.#": "0",
                            "tags.%": "0",
                            "versioning.#": "1",
                            "versioning.0.enabled": "false",
                            "versioning.0.mfa_delete": "false",
                            "website.#": "0"
                        },
                        "meta": {},
                        "tainted": false
                    },
                    "deposed": [],
                    "provider": "provider.aws"
                },
                "aws_security_group.main_sg": {
                    "type": "aws_security_group",
                    "depends_on": [
                        "aws_vpc.vpc_main"
                    ],
                    "primary": {
                        "id": "sg-0043ccf4bd14b85db",
                        "attributes": {
                            "arn": "arn:aws:ec2:us-east-1:848738341109:security-group/sg-0043ccf4bd14b85db",
                            "description": "Managed by Terraform",
                            "egress.#": "1",
                            "egress.482069346.cidr_blocks.#": "1",
                            "egress.482069346.cidr_blocks.0": "0.0.0.0/0",
                            "egress.482069346.description": "",
                            "egress.482069346.from_port": "0",
                            "egress.482069346.ipv6_cidr_blocks.#": "0",
                            "egress.482069346.prefix_list_ids.#": "0",
                            "egress.482069346.protocol": "-1",
                            "egress.482069346.security_groups.#": "0",
                            "egress.482069346.self": "false",
                            "egress.482069346.to_port": "0",
                            "id": "sg-0043ccf4bd14b85db",
                            "ingress.#": "1",
                            "ingress.2214680975.cidr_blocks.#": "1",
                            "ingress.2214680975.cidr_blocks.0": "0.0.0.0/0",
                            "ingress.2214680975.description": "",
                            "ingress.2214680975.from_port": "80",
                            "ingress.2214680975.ipv6_cidr_blocks.#": "0",
                            "ingress.2214680975.prefix_list_ids.#": "0",
                            "ingress.2214680975.protocol": "tcp",
                            "ingress.2214680975.security_groups.#": "0",
                            "ingress.2214680975.self": "false",
                            "ingress.2214680975.to_port": "80",
                            "name": "ELB_SG",
                            "owner_id": "848738341109",
                            "revoke_rules_on_delete": "false",
                            "tags.%": "0",
                            "vpc_id": "vpc-0898a4bd56772d4ae"
                        },
                        "meta": {
                            "e2bfb730-ecaa-11e6-8f88-34363bc7c4c0": {
                                "create": 600000000000,
                                "delete": 600000000000
                            },
                            "schema_version": "1"
                        },
                        "tainted": false
                    },
                    "deposed": [],
                    "provider": "provider.aws"
                },
                "aws_subnet.vpc_main-private-subnet1": {
                    "type": "aws_subnet",
                    "depends_on": [
                        "aws_vpc.vpc_main"
                    ],
                    "primary": {
                        "id": "subnet-0c03eee8ca25914df",
                        "attributes": {
                            "arn": "arn:aws:ec2:us-east-1:848738341109:subnet/subnet-0c03eee8ca25914df",
                            "assign_ipv6_address_on_creation": "false",
                            "availability_zone": "us-east-1a",
                            "availability_zone_id": "use1-az4",
                            "cidr_block": "10.10.200.0/24",
                            "id": "subnet-0c03eee8ca25914df",
                            "ipv6_cidr_block": "",
                            "ipv6_cidr_block_association_id": "",
                            "map_public_ip_on_launch": "false",
                            "owner_id": "848738341109",
                            "tags.%": "0",
                            "vpc_id": "vpc-0898a4bd56772d4ae"
                        },
                        "meta": {
                            "e2bfb730-ecaa-11e6-8f88-34363bc7c4c0": {
                                "create": 600000000000,
                                "delete": 600000000000
                            },
                            "schema_version": "1"
                        },
                        "tainted": false
                    },
                    "deposed": [],
                    "provider": "provider.aws"
                },
                "aws_subnet.vpc_main-private-subnet2": {
                    "type": "aws_subnet",
                    "depends_on": [
                        "aws_vpc.vpc_main"
                    ],
                    "primary": {
                        "id": "subnet-0a52db29054beb099",
                        "attributes": {
                            "arn": "arn:aws:ec2:us-east-1:848738341109:subnet/subnet-0a52db29054beb099",
                            "assign_ipv6_address_on_creation": "false",
                            "availability_zone": "us-east-1b",
                            "availability_zone_id": "use1-az6",
                            "cidr_block": "10.10.201.0/24",
                            "id": "subnet-0a52db29054beb099",
                            "ipv6_cidr_block": "",
                            "ipv6_cidr_block_association_id": "",
                            "map_public_ip_on_launch": "false",
                            "owner_id": "848738341109",
                            "tags.%": "0",
                            "vpc_id": "vpc-0898a4bd56772d4ae"
                        },
                        "meta": {
                            "e2bfb730-ecaa-11e6-8f88-34363bc7c4c0": {
                                "create": 600000000000,
                                "delete": 600000000000
                            },
                            "schema_version": "1"
                        },
                        "tainted": false
                    },
                    "deposed": [],
                    "provider": "provider.aws"
                },
                "aws_subnet.vpc_main-public-subnet1": {
                    "type": "aws_subnet",
                    "depends_on": [
                        "aws_vpc.vpc_main"
                    ],
                    "primary": {
                        "id": "subnet-06aa3185c1bcc3d38",
                        "attributes": {
                            "arn": "arn:aws:ec2:us-east-1:848738341109:subnet/subnet-06aa3185c1bcc3d38",
                            "assign_ipv6_address_on_creation": "false",
                            "availability_zone": "us-east-1a",
                            "availability_zone_id": "use1-az4",
                            "cidr_block": "10.10.10.0/24",
                            "id": "subnet-06aa3185c1bcc3d38",
                            "ipv6_cidr_block": "",
                            "ipv6_cidr_block_association_id": "",
                            "map_public_ip_on_launch": "false",
                            "owner_id": "848738341109",
                            "tags.%": "0",
                            "vpc_id": "vpc-0898a4bd56772d4ae"
                        },
                        "meta": {
                            "e2bfb730-ecaa-11e6-8f88-34363bc7c4c0": {
                                "create": 600000000000,
                                "delete": 600000000000
                            },
                            "schema_version": "1"
                        },
                        "tainted": false
                    },
                    "deposed": [],
                    "provider": "provider.aws"
                },
                "aws_subnet.vpc_main-public-subnet2": {
                    "type": "aws_subnet",
                    "depends_on": [
                        "aws_vpc.vpc_main"
                    ],
                    "primary": {
                        "id": "subnet-03e1ffefac212c7ab",
                        "attributes": {
                            "arn": "arn:aws:ec2:us-east-1:848738341109:subnet/subnet-03e1ffefac212c7ab",
                            "assign_ipv6_address_on_creation": "false",
                            "availability_zone": "us-east-1b",
                            "availability_zone_id": "use1-az6",
                            "cidr_block": "10.10.11.0/24",
                            "id": "subnet-03e1ffefac212c7ab",
                            "ipv6_cidr_block": "",
                            "ipv6_cidr_block_association_id": "",
                            "map_public_ip_on_launch": "false",
                            "owner_id": "848738341109",
                            "tags.%": "0",
                            "vpc_id": "vpc-0898a4bd56772d4ae"
                        },
                        "meta": {
                            "e2bfb730-ecaa-11e6-8f88-34363bc7c4c0": {
                                "create": 600000000000,
                                "delete": 600000000000
                            },
                            "schema_version": "1"
                        },
                        "tainted": false
                    },
                    "deposed": [],
                    "provider": "provider.aws"
                },
                "aws_vpc.vpc_main": {
                    "type": "aws_vpc",
                    "depends_on": [],
                    "primary": {
                        "id": "vpc-0898a4bd56772d4ae",
                        "attributes": {
                            "arn": "arn:aws:ec2:us-east-1:848738341109:vpc/vpc-0898a4bd56772d4ae",
                            "assign_generated_ipv6_cidr_block": "false",
                            "cidr_block": "10.10.0.0/16",
                            "default_network_acl_id": "acl-0fc927baa8a7887a9",
                            "default_route_table_id": "rtb-00a3fdd9a3e2ed2e7",
                            "default_security_group_id": "sg-099dd348008cf283c",
                            "dhcp_options_id": "dopt-7bfc461e",
                            "enable_classiclink": "false",
                            "enable_classiclink_dns_support": "false",
                            "enable_dns_hostnames": "false",
                            "enable_dns_support": "true",
                            "id": "vpc-0898a4bd56772d4ae",
                            "instance_tenancy": "default",
                            "ipv6_association_id": "",
                            "ipv6_cidr_block": "",
                            "main_route_table_id": "rtb-00a3fdd9a3e2ed2e7",
                            "owner_id": "848738341109",
                            "tags.%": "0"
                        },
                        "meta": {
                            "schema_version": "1"
                        },
                        "tainted": false
                    },
                    "deposed": [],
                    "provider": "provider.aws"
                },
                "data.aws_iam_policy_document.ecs-event": {
                    "type": "aws_iam_policy_document",
                    "depends_on": [],
                    "primary": {
                        "id": "2423734833",
                        "attributes": {
                            "id": "2423734833",
                            "json": "{\n  \"Version\": \"2012-10-17\",\n  \"Statement\": [\n    {\n      \"Sid\": \"\",\n      \"Effect\": \"Allow\",\n      \"Action\": \"sts:AssumeRole\",\n      \"Principal\": {\n        \"Service\": \"events.amazonaws.com\"\n      }\n    }\n  ]\n}",
                            "statement.#": "1",
                            "statement.0.actions.#": "1",
                            "statement.0.actions.2528466339": "sts:AssumeRole",
                            "statement.0.condition.#": "0",
                            "statement.0.effect": "Allow",
                            "statement.0.not_actions.#": "0",
                            "statement.0.not_principals.#": "0",
                            "statement.0.not_resources.#": "0",
                            "statement.0.principals.#": "1",
                            "statement.0.principals.3055794613.identifiers.#": "1",
                            "statement.0.principals.3055794613.identifiers.1159240345": "events.amazonaws.com",
                            "statement.0.principals.3055794613.type": "Service",
                            "statement.0.resources.#": "0",
                            "statement.0.sid": "",
                            "version": "2012-10-17"
                        },
                        "meta": {},
                        "tainted": false
                    },
                    "deposed": [],
                    "provider": "provider.aws"
                },
                "data.aws_iam_policy_document.ecs-event-policy": {
                    "type": "aws_iam_policy_document",
                    "depends_on": [],
                    "primary": {
                        "id": "3807780679",
                        "attributes": {
                            "id": "3807780679",
                            "json": "{\n  \"Version\": \"2012-10-17\",\n  \"Statement\": [\n    {\n      \"Sid\": \"\",\n      \"Effect\": \"Allow\",\n      \"Action\": \"ecs:RunTask\",\n      \"Resource\": \"*\"\n    },\n    {\n      \"Sid\": \"\",\n      \"Effect\": \"Allow\",\n      \"Action\": \"iam:PassRole\",\n      \"Resource\": \"*\",\n      \"Condition\": {\n        \"StringLike\": {\n          \"iam:PassedToService\": \"ecs-tasks.amazonaws.com\"\n        }\n      }\n    }\n  ]\n}",
                            "statement.#": "2",
                            "statement.0.actions.#": "1",
                            "statement.0.actions.274876584": "ecs:RunTask",
                            "statement.0.condition.#": "0",
                            "statement.0.effect": "Allow",
                            "statement.0.not_actions.#": "0",
                            "statement.0.not_principals.#": "0",
                            "statement.0.not_resources.#": "0",
                            "statement.0.principals.#": "0",
                            "statement.0.resources.#": "1",
                            "statement.0.resources.2679715827": "*",
                            "statement.0.sid": "",
                            "statement.1.actions.#": "1",
                            "statement.1.actions.646648939": "iam:PassRole",
                            "statement.1.condition.#": "1",
                            "statement.1.condition.541902372.test": "StringLike",
                            "statement.1.condition.541902372.values.#": "1",
                            "statement.1.condition.541902372.values.3389920935": "ecs-tasks.amazonaws.com",
                            "statement.1.condition.541902372.variable": "iam:PassedToService",
                            "statement.1.effect": "Allow",
                            "statement.1.not_actions.#": "0",
                            "statement.1.not_principals.#": "0",
                            "statement.1.not_resources.#": "0",
                            "statement.1.principals.#": "0",
                            "statement.1.resources.#": "1",
                            "statement.1.resources.2679715827": "*",
                            "statement.1.sid": "",
                            "version": "2012-10-17"
                        },
                        "meta": {},
                        "tainted": false
                    },
                    "deposed": [],
                    "provider": "provider.aws"
                },
                "data.aws_iam_policy_document.ecsTaskExecutionRole": {
                    "type": "aws_iam_policy_document",
                    "depends_on": [],
                    "primary": {
                        "id": "320642683",
                        "attributes": {
                            "id": "320642683",
                            "json": "{\n  \"Version\": \"2012-10-17\",\n  \"Statement\": [\n    {\n      \"Sid\": \"\",\n      \"Effect\": \"Allow\",\n      \"Action\": \"sts:AssumeRole\",\n      \"Principal\": {\n        \"Service\": \"ecs-tasks.amazonaws.com\"\n      }\n    }\n  ]\n}",
                            "statement.#": "1",
                            "statement.0.actions.#": "1",
                            "statement.0.actions.2528466339": "sts:AssumeRole",
                            "statement.0.condition.#": "0",
                            "statement.0.effect": "Allow",
                            "statement.0.not_actions.#": "0",
                            "statement.0.not_principals.#": "0",
                            "statement.0.not_resources.#": "0",
                            "statement.0.principals.#": "1",
                            "statement.0.principals.1709806136.identifiers.#": "1",
                            "statement.0.principals.1709806136.identifiers.3389920935": "ecs-tasks.amazonaws.com",
                            "statement.0.principals.1709806136.type": "Service",
                            "statement.0.resources.#": "0",
                            "statement.0.sid": "",
                            "version": "2012-10-17"
                        },
                        "meta": {},
                        "tainted": false
                    },
                    "deposed": [],
                    "provider": "provider.aws"
                },
                "data.aws_iam_policy_document.ecsTaskExecutionRole-policy": {
                    "type": "aws_iam_policy_document",
                    "depends_on": [],
                    "primary": {
                        "id": "1420726984",
                        "attributes": {
                            "id": "1420726984",
                            "json": "{\n  \"Version\": \"2012-10-17\",\n  \"Statement\": [\n    {\n      \"Sid\": \"\",\n      \"Effect\": \"Allow\",\n      \"Action\": [\n        \"logs:PutLogEvents\",\n        \"logs:CreateLogStream\",\n        \"ecr:GetDownloadUrlForLayer\",\n        \"ecr:GetAuthorizationToken\",\n        \"ecr:BatchGetImage\",\n        \"ecr:BatchCheckLayerAvailability\"\n      ],\n      \"Resource\": \"*\"\n    }\n  ]\n}",
                            "statement.#": "1",
                            "statement.0.actions.#": "6",
                            "statement.0.actions.1813900036": "ecr:BatchCheckLayerAvailability",
                            "statement.0.actions.2610373158": "ecr:GetDownloadUrlForLayer",
                            "statement.0.actions.3285979848": "logs:CreateLogStream",
                            "statement.0.actions.3752287614": "ecr:GetAuthorizationToken",
                            "statement.0.actions.39743051": "logs:PutLogEvents",
                            "statement.0.actions.4234869000": "ecr:BatchGetImage",
                            "statement.0.condition.#": "0",
                            "statement.0.effect": "Allow",
                            "statement.0.not_actions.#": "0",
                            "statement.0.not_principals.#": "0",
                            "statement.0.not_resources.#": "0",
                            "statement.0.principals.#": "0",
                            "statement.0.resources.#": "1",
                            "statement.0.resources.2679715827": "*",
                            "statement.0.sid": "",
                            "version": "2012-10-17"
                        },
                        "meta": {},
                        "tainted": false
                    },
                    "deposed": [],
                    "provider": "provider.aws"
                },
                "data.aws_iam_policy_document.portfolio-site-codepipeline-iam-role": {
                    "type": "aws_iam_policy_document",
                    "depends_on": [],
                    "primary": {
                        "id": "382154967",
                        "attributes": {
                            "id": "382154967",
                            "json": "{\n  \"Version\": \"2012-10-17\",\n  \"Statement\": [\n    {\n      \"Sid\": \"\",\n      \"Effect\": \"Allow\",\n      \"Action\": \"sts:AssumeRole\",\n      \"Principal\": {\n        \"Service\": \"codepipeline.amazonaws.com\"\n      }\n    }\n  ]\n}",
                            "statement.#": "1",
                            "statement.0.actions.#": "1",
                            "statement.0.actions.2528466339": "sts:AssumeRole",
                            "statement.0.condition.#": "0",
                            "statement.0.effect": "Allow",
                            "statement.0.not_actions.#": "0",
                            "statement.0.not_principals.#": "0",
                            "statement.0.not_resources.#": "0",
                            "statement.0.principals.#": "1",
                            "statement.0.principals.3454473605.identifiers.#": "1",
                            "statement.0.principals.3454473605.identifiers.2032380253": "codepipeline.amazonaws.com",
                            "statement.0.principals.3454473605.type": "Service",
                            "statement.0.resources.#": "0",
                            "statement.0.sid": "",
                            "version": "2012-10-17"
                        },
                        "meta": {},
                        "tainted": false
                    },
                    "deposed": [],
                    "provider": "provider.aws"
                },
                "data.aws_iam_policy_document.portfolio-site-codepipeline-iam-role-policy": {
                    "type": "aws_iam_policy_document",
                    "depends_on": [],
                    "primary": {
                        "id": "2459674323",
                        "attributes": {
                            "id": "2459674323",
                            "json": "{\n  \"Version\": \"2012-10-17\",\n  \"Statement\": [\n    {\n      \"Sid\": \"\",\n      \"Effect\": \"Allow\",\n      \"Action\": \"iam:PassRole\",\n      \"Resource\": \"*\",\n      \"Condition\": {\n        \"StringEqualsIfExists\": {\n          \"iam:PassedToService\": [\n            \"elasticbeanstalk.amazonaws.com\",\n            \"ecs-tasks.amazonaws.com\",\n            \"ec2.amazonaws.com\",\n            \"cloudformation.amazonaws.com\"\n          ]\n        }\n      }\n    },\n    {\n      \"Sid\": \"\",\n      \"Effect\": \"Allow\",\n      \"Action\": [\n        \"codecommit:UploadArchive\",\n        \"codecommit:GetUploadArchiveStatus\",\n        \"codecommit:GetCommit\",\n        \"codecommit:GetBranch\",\n        \"codecommit:CancelUploadArchive\"\n      ],\n      \"Resource\": \"*\"\n    },\n    {\n      \"Sid\": \"\",\n      \"Effect\": \"Allow\",\n      \"Action\": [\n        \"codedeploy:RegisterApplicationRevision\",\n        \"codedeploy:GetDeploymentConfig\",\n        \"codedeploy:GetDeployment\",\n        \"codedeploy:GetApplicationRevision\",\n        \"codedeploy:GetApplication\",\n        \"codedeploy:CreateDeployment\"\n      ],\n      \"Resource\": \"*\"\n    },\n    {\n      \"Sid\": \"\",\n      \"Effect\": \"Allow\",\n      \"Action\": [\n        \"sqs:*\",\n        \"sns:*\",\n        \"s3:*\",\n        \"rds:*\",\n        \"elasticloadbalancing:*\",\n        \"elasticbeanstalk:*\",\n        \"ecs:*\",\n        \"ec2:*\",\n        \"cloudwatch:*\",\n        \"cloudformation:*\",\n        \"autoscaling:*\"\n      ],\n      \"Resource\": \"*\"\n    },\n    {\n      \"Sid\": \"\",\n      \"Effect\": \"Allow\",\n      \"Action\": [\n        \"lambda:ListFunctions\",\n        \"lambda:InvokeFunction\"\n      ],\n      \"Resource\": \"*\"\n    },\n    {\n      \"Sid\": \"\",\n      \"Effect\": \"Allow\",\n      \"Action\": [\n        \"opsworks:UpdateStack\",\n        \"opsworks:UpdateApp\",\n        \"opsworks:DescribeStacks\",\n        \"opsworks:DescribeInstances\",\n        \"opsworks:DescribeDeployments\",\n        \"opsworks:DescribeCommands\",\n        \"opsworks:DescribeApps\",\n        \"opsworks:CreateDeployment\"\n      ],\n      \"Resource\": \"*\"\n    },\n    {\n      \"Sid\": \"\",\n      \"Effect\": \"Allow\",\n      \"Action\": [\n        \"cloudformation:ValidateTemplate\",\n        \"cloudformation:UpdateStack\",\n        \"cloudformation:SetStackPolicy\",\n        \"cloudformation:ExecuteChangeSet\",\n        \"cloudformation:DescribeStacks\",\n        \"cloudformation:DescribeChangeSet\",\n        \"cloudformation:DeleteStack\",\n        \"cloudformation:DeleteChangeSet\",\n        \"cloudformation:CreateStack\",\n        \"cloudformation:CreateChangeSet\"\n      ],\n      \"Resource\": \"*\"\n    },\n    {\n      \"Sid\": \"\",\n      \"Effect\": \"Allow\",\n      \"Action\": [\n        \"codebuild:StartBuild\",\n        \"codebuild:BatchGetBuilds\"\n      ],\n      \"Resource\": \"*\"\n    },\n    {\n      \"Sid\": \"\",\n      \"Effect\": \"Allow\",\n      \"Action\": [\n        \"devicefarm:ScheduleRun\",\n        \"devicefarm:ListProjects\",\n        \"devicefarm:ListDevicePools\",\n        \"devicefarm:GetUpload\",\n        \"devicefarm:GetRun\",\n        \"devicefarm:CreateUpload\"\n      ],\n      \"Resource\": \"*\"\n    },\n    {\n      \"Sid\": \"\",\n      \"Effect\": \"Allow\",\n      \"Action\": [\n        \"servicecatalog:UpdateProduct\",\n        \"servicecatalog:ListProvisioningArtifacts\",\n        \"servicecatalog:DescribeProvisioningArtifact\",\n        \"servicecatalog:DeleteProvisioningArtifact\",\n        \"servicecatalog:CreateProvisioningArtifact\"\n      ],\n      \"Resource\": \"*\"\n    },\n    {\n      \"Sid\": \"\",\n      \"Effect\": \"Allow\",\n      \"Action\": \"cloudformation:ValidateTemplate\",\n      \"Resource\": \"*\"\n    },\n    {\n      \"Sid\": \"\",\n      \"Effect\": \"Allow\",\n      \"Action\": \"ecr:DescribeImages\",\n      \"Resource\": \"*\"\n    }\n  ]\n}",
                            "statement.#": "12",
                            "statement.0.actions.#": "1",
                            "statement.0.actions.646648939": "iam:PassRole",
                            "statement.0.condition.#": "1",
                            "statement.0.condition.3403270211.test": "StringEqualsIfExists",
                            "statement.0.condition.3403270211.values.#": "4",
                            "statement.0.condition.3403270211.values.3389920935": "ecs-tasks.amazonaws.com",
                            "statement.0.condition.3403270211.values.3655884555": "ec2.amazonaws.com",
                            "statement.0.condition.3403270211.values.3970710366": "elasticbeanstalk.amazonaws.com",
                            "statement.0.condition.3403270211.values.418941786": "cloudformation.amazonaws.com",
                            "statement.0.condition.3403270211.variable": "iam:PassedToService",
                            "statement.0.effect": "Allow",
                            "statement.0.not_actions.#": "0",
                            "statement.0.not_principals.#": "0",
                            "statement.0.not_resources.#": "0",
                            "statement.0.principals.#": "0",
                            "statement.0.resources.#": "1",
                            "statement.0.resources.2679715827": "*",
                            "statement.0.sid": "",
                            "statement.1.actions.#": "5",
                            "statement.1.actions.2640427653": "codecommit:UploadArchive",
                            "statement.1.actions.3369966713": "codecommit:GetUploadArchiveStatus",
                            "statement.1.actions.435871958": "codecommit:CancelUploadArchive",
                            "statement.1.actions.62057190": "codecommit:GetBranch",
                            "statement.1.actions.640182899": "codecommit:GetCommit",
                            "statement.1.condition.#": "0",
                            "statement.1.effect": "Allow",
                            "statement.1.not_actions.#": "0",
                            "statement.1.not_principals.#": "0",
                            "statement.1.not_resources.#": "0",
                            "statement.1.principals.#": "0",
                            "statement.1.resources.#": "1",
                            "statement.1.resources.2679715827": "*",
                            "statement.1.sid": "",
                            "statement.10.actions.#": "1",
                            "statement.10.actions.2990095891": "cloudformation:ValidateTemplate",
                            "statement.10.condition.#": "0",
                            "statement.10.effect": "Allow",
                            "statement.10.not_actions.#": "0",
                            "statement.10.not_principals.#": "0",
                            "statement.10.not_resources.#": "0",
                            "statement.10.principals.#": "0",
                            "statement.10.resources.#": "1",
                            "statement.10.resources.2679715827": "*",
                            "statement.10.sid": "",
                            "statement.11.actions.#": "1",
                            "statement.11.actions.3658911630": "ecr:DescribeImages",
                            "statement.11.condition.#": "0",
                            "statement.11.effect": "Allow",
                            "statement.11.not_actions.#": "0",
                            "statement.11.not_principals.#": "0",
                            "statement.11.not_resources.#": "0",
                            "statement.11.principals.#": "0",
                            "statement.11.resources.#": "1",
                            "statement.11.resources.2679715827": "*",
                            "statement.11.sid": "",
                            "statement.2.actions.#": "6",
                            "statement.2.actions.1466667343": "codedeploy:RegisterApplicationRevision",
                            "statement.2.actions.3101888219": "codedeploy:GetApplication",
                            "statement.2.actions.3131175836": "codedeploy:GetDeployment",
                            "statement.2.actions.3142513876": "codedeploy:CreateDeployment",
                            "statement.2.actions.3878143906": "codedeploy:GetApplicationRevision",
                            "statement.2.actions.725089899": "codedeploy:GetDeploymentConfig",
                            "statement.2.condition.#": "0",
                            "statement.2.effect": "Allow",
                            "statement.2.not_actions.#": "0",
                            "statement.2.not_principals.#": "0",
                            "statement.2.not_resources.#": "0",
                            "statement.2.principals.#": "0",
                            "statement.2.resources.#": "1",
                            "statement.2.resources.2679715827": "*",
                            "statement.2.sid": "",
                            "statement.3.actions.#": "11",
                            "statement.3.actions.1834123015": "s3:*",
                            "statement.3.actions.1993366923": "sqs:*",
                            "statement.3.actions.2257256399": "cloudformation:*",
                            "statement.3.actions.2410490405": "cloudwatch:*",
                            "statement.3.actions.2489343448": "sns:*",
                            "statement.3.actions.2583978246": "elasticbeanstalk:*",
                            "statement.3.actions.2597799863": "ec2:*",
                            "statement.3.actions.3112138991": "ecs:*",
                            "statement.3.actions.361535196": "rds:*",
                            "statement.3.actions.3725379174": "elasticloadbalancing:*",
                            "statement.3.actions.4085323898": "autoscaling:*",
                            "statement.3.condition.#": "0",
                            "statement.3.effect": "Allow",
                            "statement.3.not_actions.#": "0",
                            "statement.3.not_principals.#": "0",
                            "statement.3.not_resources.#": "0",
                            "statement.3.principals.#": "0",
                            "statement.3.resources.#": "1",
                            "statement.3.resources.2679715827": "*",
                            "statement.3.sid": "",
                            "statement.4.actions.#": "2",
                            "statement.4.actions.3363766922": "lambda:InvokeFunction",
                            "statement.4.actions.3837737954": "lambda:ListFunctions",
                            "statement.4.condition.#": "0",
                            "statement.4.effect": "Allow",
                            "statement.4.not_actions.#": "0",
                            "statement.4.not_principals.#": "0",
                            "statement.4.not_resources.#": "0",
                            "statement.4.principals.#": "0",
                            "statement.4.resources.#": "1",
                            "statement.4.resources.2679715827": "*",
                            "statement.4.sid": "",
                            "statement.5.actions.#": "8",
                            "statement.5.actions.2636474190": "opsworks:DescribeDeployments",
                            "statement.5.actions.2874813539": "opsworks:DescribeInstances",
                            "statement.5.actions.2937527810": "opsworks:DescribeCommands",
                            "statement.5.actions.3182185536": "opsworks:UpdateApp",
                            "statement.5.actions.3361537031": "opsworks:UpdateStack",
                            "statement.5.actions.3391252164": "opsworks:DescribeApps",
                            "statement.5.actions.4117939463": "opsworks:DescribeStacks",
                            "statement.5.actions.514273083": "opsworks:CreateDeployment",
                            "statement.5.condition.#": "0",
                            "statement.5.effect": "Allow",
                            "statement.5.not_actions.#": "0",
                            "statement.5.not_principals.#": "0",
                            "statement.5.not_resources.#": "0",
                            "statement.5.principals.#": "0",
                            "statement.5.resources.#": "1",
                            "statement.5.resources.2679715827": "*",
                            "statement.5.sid": "",
                            "statement.6.actions.#": "10",
                            "statement.6.actions.2381637807": "cloudformation:SetStackPolicy",
                            "statement.6.actions.2498338800": "cloudformation:CreateChangeSet",
                            "statement.6.actions.2990095891": "cloudformation:ValidateTemplate",
                            "statement.6.actions.3006969889": "cloudformation:UpdateStack",
                            "statement.6.actions.3038601411": "cloudformation:DeleteStack",
                            "statement.6.actions.3280019967": "cloudformation:ExecuteChangeSet",
                            "statement.6.actions.3634127366": "cloudformation:DeleteChangeSet",
                            "statement.6.actions.383695696": "cloudformation:DescribeChangeSet",
                            "statement.6.actions.3887145666": "cloudformation:CreateStack",
                            "statement.6.actions.4185305410": "cloudformation:DescribeStacks",
                            "statement.6.condition.#": "0",
                            "statement.6.effect": "Allow",
                            "statement.6.not_actions.#": "0",
                            "statement.6.not_principals.#": "0",
                            "statement.6.not_resources.#": "0",
                            "statement.6.principals.#": "0",
                            "statement.6.resources.#": "1",
                            "statement.6.resources.2679715827": "*",
                            "statement.6.sid": "",
                            "statement.7.actions.#": "2",
                            "statement.7.actions.1287944848": "codebuild:StartBuild",
                            "statement.7.actions.2748609266": "codebuild:BatchGetBuilds",
                            "statement.7.condition.#": "0",
                            "statement.7.effect": "Allow",
                            "statement.7.not_actions.#": "0",
                            "statement.7.not_principals.#": "0",
                            "statement.7.not_resources.#": "0",
                            "statement.7.principals.#": "0",
                            "statement.7.resources.#": "1",
                            "statement.7.resources.2679715827": "*",
                            "statement.7.sid": "",
                            "statement.8.actions.#": "6",
                            "statement.8.actions.1173043991": "devicefarm:ListProjects",
                            "statement.8.actions.2217668711": "devicefarm:GetUpload",
                            "statement.8.actions.2878226936": "devicefarm:ListDevicePools",
                            "statement.8.actions.3192045249": "devicefarm:ScheduleRun",
                            "statement.8.actions.3342920524": "devicefarm:CreateUpload",
                            "statement.8.actions.3872165162": "devicefarm:GetRun",
                            "statement.8.condition.#": "0",
                            "statement.8.effect": "Allow",
                            "statement.8.not_actions.#": "0",
                            "statement.8.not_principals.#": "0",
                            "statement.8.not_resources.#": "0",
                            "statement.8.principals.#": "0",
                            "statement.8.resources.#": "1",
                            "statement.8.resources.2679715827": "*",
                            "statement.8.sid": "",
                            "statement.9.actions.#": "5",
                            "statement.9.actions.1288641368": "servicecatalog:ListProvisioningArtifacts",
                            "statement.9.actions.1425932320": "servicecatalog:CreateProvisioningArtifact",
                            "statement.9.actions.2414268810": "servicecatalog:UpdateProduct",
                            "statement.9.actions.339540766": "servicecatalog:DeleteProvisioningArtifact",
                            "statement.9.actions.3936796828": "servicecatalog:DescribeProvisioningArtifact",
                            "statement.9.condition.#": "0",
                            "statement.9.effect": "Allow",
                            "statement.9.not_actions.#": "0",
                            "statement.9.not_principals.#": "0",
                            "statement.9.not_resources.#": "0",
                            "statement.9.principals.#": "0",
                            "statement.9.resources.#": "1",
                            "statement.9.resources.2679715827": "*",
                            "statement.9.sid": "",
                            "version": "2012-10-17"
                        },
                        "meta": {},
                        "tainted": false
                    },
                    "deposed": [],
                    "provider": "provider.aws"
                },
                "data.aws_iam_policy_document.portfolio-site-html-updater": {
                    "type": "aws_iam_policy_document",
                    "depends_on": [],
                    "primary": {
                        "id": "320642683",
                        "attributes": {
                            "id": "320642683",
                            "json": "{\n  \"Version\": \"2012-10-17\",\n  \"Statement\": [\n    {\n      \"Sid\": \"\",\n      \"Effect\": \"Allow\",\n      \"Action\": \"sts:AssumeRole\",\n      \"Principal\": {\n        \"Service\": \"ecs-tasks.amazonaws.com\"\n      }\n    }\n  ]\n}",
                            "statement.#": "1",
                            "statement.0.actions.#": "1",
                            "statement.0.actions.2528466339": "sts:AssumeRole",
                            "statement.0.condition.#": "0",
                            "statement.0.effect": "Allow",
                            "statement.0.not_actions.#": "0",
                            "statement.0.not_principals.#": "0",
                            "statement.0.not_resources.#": "0",
                            "statement.0.principals.#": "1",
                            "statement.0.principals.1709806136.identifiers.#": "1",
                            "statement.0.principals.1709806136.identifiers.3389920935": "ecs-tasks.amazonaws.com",
                            "statement.0.principals.1709806136.type": "Service",
                            "statement.0.resources.#": "0",
                            "statement.0.sid": "",
                            "version": "2012-10-17"
                        },
                        "meta": {},
                        "tainted": false
                    },
                    "deposed": [],
                    "provider": "provider.aws"
                },
                "data.aws_iam_policy_document.portfolio-site-html-updater-policy": {
                    "type": "aws_iam_policy_document",
                    "depends_on": [],
                    "primary": {
                        "id": "3228841632",
                        "attributes": {
                            "id": "3228841632",
                            "json": "{\n  \"Version\": \"2012-10-17\",\n  \"Statement\": [\n    {\n      \"Sid\": \"\",\n      \"Effect\": \"Allow\",\n      \"Action\": \"s3:*\",\n      \"Resource\": \"*\"\n    }\n  ]\n}",
                            "statement.#": "1",
                            "statement.0.actions.#": "1",
                            "statement.0.actions.1834123015": "s3:*",
                            "statement.0.condition.#": "0",
                            "statement.0.effect": "Allow",
                            "statement.0.not_actions.#": "0",
                            "statement.0.not_principals.#": "0",
                            "statement.0.not_resources.#": "0",
                            "statement.0.principals.#": "0",
                            "statement.0.resources.#": "1",
                            "statement.0.resources.2679715827": "*",
                            "statement.0.sid": "",
                            "version": "2012-10-17"
                        },
                        "meta": {},
                        "tainted": false
                    },
                    "deposed": [],
                    "provider": "provider.aws"
                },
                "data.aws_iam_policy_document.stg-ecs-event": {
                    "type": "aws_iam_policy_document",
                    "depends_on": [],
                    "primary": {
                        "id": "2423734833",
                        "attributes": {
                            "id": "2423734833",
                            "json": "{\n  \"Version\": \"2012-10-17\",\n  \"Statement\": [\n    {\n      \"Sid\": \"\",\n      \"Effect\": \"Allow\",\n      \"Action\": \"sts:AssumeRole\",\n      \"Principal\": {\n        \"Service\": \"events.amazonaws.com\"\n      }\n    }\n  ]\n}",
                            "statement.#": "1",
                            "statement.0.actions.#": "1",
                            "statement.0.actions.2528466339": "sts:AssumeRole",
                            "statement.0.condition.#": "0",
                            "statement.0.effect": "Allow",
                            "statement.0.not_actions.#": "0",
                            "statement.0.not_principals.#": "0",
                            "statement.0.not_resources.#": "0",
                            "statement.0.principals.#": "1",
                            "statement.0.principals.3055794613.identifiers.#": "1",
                            "statement.0.principals.3055794613.identifiers.1159240345": "events.amazonaws.com",
                            "statement.0.principals.3055794613.type": "Service",
                            "statement.0.resources.#": "0",
                            "statement.0.sid": "",
                            "version": "2012-10-17"
                        },
                        "meta": {},
                        "tainted": false
                    },
                    "deposed": [],
                    "provider": "provider.aws"
                },
                "data.aws_iam_policy_document.stg-ecs-event-policy": {
                    "type": "aws_iam_policy_document",
                    "depends_on": [],
                    "primary": {
                        "id": "3807780679",
                        "attributes": {
                            "id": "3807780679",
                            "json": "{\n  \"Version\": \"2012-10-17\",\n  \"Statement\": [\n    {\n      \"Sid\": \"\",\n      \"Effect\": \"Allow\",\n      \"Action\": \"ecs:RunTask\",\n      \"Resource\": \"*\"\n    },\n    {\n      \"Sid\": \"\",\n      \"Effect\": \"Allow\",\n      \"Action\": \"iam:PassRole\",\n      \"Resource\": \"*\",\n      \"Condition\": {\n        \"StringLike\": {\n          \"iam:PassedToService\": \"ecs-tasks.amazonaws.com\"\n        }\n      }\n    }\n  ]\n}",
                            "statement.#": "2",
                            "statement.0.actions.#": "1",
                            "statement.0.actions.274876584": "ecs:RunTask",
                            "statement.0.condition.#": "0",
                            "statement.0.effect": "Allow",
                            "statement.0.not_actions.#": "0",
                            "statement.0.not_principals.#": "0",
                            "statement.0.not_resources.#": "0",
                            "statement.0.principals.#": "0",
                            "statement.0.resources.#": "1",
                            "statement.0.resources.2679715827": "*",
                            "statement.0.sid": "",
                            "statement.1.actions.#": "1",
                            "statement.1.actions.646648939": "iam:PassRole",
                            "statement.1.condition.#": "1",
                            "statement.1.condition.541902372.test": "StringLike",
                            "statement.1.condition.541902372.values.#": "1",
                            "statement.1.condition.541902372.values.3389920935": "ecs-tasks.amazonaws.com",
                            "statement.1.condition.541902372.variable": "iam:PassedToService",
                            "statement.1.effect": "Allow",
                            "statement.1.not_actions.#": "0",
                            "statement.1.not_principals.#": "0",
                            "statement.1.not_resources.#": "0",
                            "statement.1.principals.#": "0",
                            "statement.1.resources.#": "1",
                            "statement.1.resources.2679715827": "*",
                            "statement.1.sid": "",
                            "version": "2012-10-17"
                        },
                        "meta": {},
                        "tainted": false
                    },
                    "deposed": [],
                    "provider": "provider.aws"
                },
                "data.aws_iam_policy_document.stg-ecsTaskExecutionRole": {
                    "type": "aws_iam_policy_document",
                    "depends_on": [],
                    "primary": {
                        "id": "320642683",
                        "attributes": {
                            "id": "320642683",
                            "json": "{\n  \"Version\": \"2012-10-17\",\n  \"Statement\": [\n    {\n      \"Sid\": \"\",\n      \"Effect\": \"Allow\",\n      \"Action\": \"sts:AssumeRole\",\n      \"Principal\": {\n        \"Service\": \"ecs-tasks.amazonaws.com\"\n      }\n    }\n  ]\n}",
                            "statement.#": "1",
                            "statement.0.actions.#": "1",
                            "statement.0.actions.2528466339": "sts:AssumeRole",
                            "statement.0.condition.#": "0",
                            "statement.0.effect": "Allow",
                            "statement.0.not_actions.#": "0",
                            "statement.0.not_principals.#": "0",
                            "statement.0.not_resources.#": "0",
                            "statement.0.principals.#": "1",
                            "statement.0.principals.1709806136.identifiers.#": "1",
                            "statement.0.principals.1709806136.identifiers.3389920935": "ecs-tasks.amazonaws.com",
                            "statement.0.principals.1709806136.type": "Service",
                            "statement.0.resources.#": "0",
                            "statement.0.sid": "",
                            "version": "2012-10-17"
                        },
                        "meta": {},
                        "tainted": false
                    },
                    "deposed": [],
                    "provider": "provider.aws"
                },
                "data.aws_iam_policy_document.stg-ecsTaskExecutionRole-policy": {
                    "type": "aws_iam_policy_document",
                    "depends_on": [],
                    "primary": {
                        "id": "1420726984",
                        "attributes": {
                            "id": "1420726984",
                            "json": "{\n  \"Version\": \"2012-10-17\",\n  \"Statement\": [\n    {\n      \"Sid\": \"\",\n      \"Effect\": \"Allow\",\n      \"Action\": [\n        \"logs:PutLogEvents\",\n        \"logs:CreateLogStream\",\n        \"ecr:GetDownloadUrlForLayer\",\n        \"ecr:GetAuthorizationToken\",\n        \"ecr:BatchGetImage\",\n        \"ecr:BatchCheckLayerAvailability\"\n      ],\n      \"Resource\": \"*\"\n    }\n  ]\n}",
                            "statement.#": "1",
                            "statement.0.actions.#": "6",
                            "statement.0.actions.1813900036": "ecr:BatchCheckLayerAvailability",
                            "statement.0.actions.2610373158": "ecr:GetDownloadUrlForLayer",
                            "statement.0.actions.3285979848": "logs:CreateLogStream",
                            "statement.0.actions.3752287614": "ecr:GetAuthorizationToken",
                            "statement.0.actions.39743051": "logs:PutLogEvents",
                            "statement.0.actions.4234869000": "ecr:BatchGetImage",
                            "statement.0.condition.#": "0",
                            "statement.0.effect": "Allow",
                            "statement.0.not_actions.#": "0",
                            "statement.0.not_principals.#": "0",
                            "statement.0.not_resources.#": "0",
                            "statement.0.principals.#": "0",
                            "statement.0.resources.#": "1",
                            "statement.0.resources.2679715827": "*",
                            "statement.0.sid": "",
                            "version": "2012-10-17"
                        },
                        "meta": {},
                        "tainted": false
                    },
                    "deposed": [],
                    "provider": "provider.aws"
                },
                "data.aws_iam_policy_document.stg-portfolio-site-codepipeline-iam-role": {
                    "type": "aws_iam_policy_document",
                    "depends_on": [],
                    "primary": {
                        "id": "382154967",
                        "attributes": {
                            "id": "382154967",
                            "json": "{\n  \"Version\": \"2012-10-17\",\n  \"Statement\": [\n    {\n      \"Sid\": \"\",\n      \"Effect\": \"Allow\",\n      \"Action\": \"sts:AssumeRole\",\n      \"Principal\": {\n        \"Service\": \"codepipeline.amazonaws.com\"\n      }\n    }\n  ]\n}",
                            "statement.#": "1",
                            "statement.0.actions.#": "1",
                            "statement.0.actions.2528466339": "sts:AssumeRole",
                            "statement.0.condition.#": "0",
                            "statement.0.effect": "Allow",
                            "statement.0.not_actions.#": "0",
                            "statement.0.not_principals.#": "0",
                            "statement.0.not_resources.#": "0",
                            "statement.0.principals.#": "1",
                            "statement.0.principals.3454473605.identifiers.#": "1",
                            "statement.0.principals.3454473605.identifiers.2032380253": "codepipeline.amazonaws.com",
                            "statement.0.principals.3454473605.type": "Service",
                            "statement.0.resources.#": "0",
                            "statement.0.sid": "",
                            "version": "2012-10-17"
                        },
                        "meta": {},
                        "tainted": false
                    },
                    "deposed": [],
                    "provider": "provider.aws"
                },
                "data.aws_iam_policy_document.stg-portfolio-site-codepipeline-iam-role-policy": {
                    "type": "aws_iam_policy_document",
                    "depends_on": [],
                    "primary": {
                        "id": "2459674323",
                        "attributes": {
                            "id": "2459674323",
                            "json": "{\n  \"Version\": \"2012-10-17\",\n  \"Statement\": [\n    {\n      \"Sid\": \"\",\n      \"Effect\": \"Allow\",\n      \"Action\": \"iam:PassRole\",\n      \"Resource\": \"*\",\n      \"Condition\": {\n        \"StringEqualsIfExists\": {\n          \"iam:PassedToService\": [\n            \"elasticbeanstalk.amazonaws.com\",\n            \"ecs-tasks.amazonaws.com\",\n            \"ec2.amazonaws.com\",\n            \"cloudformation.amazonaws.com\"\n          ]\n        }\n      }\n    },\n    {\n      \"Sid\": \"\",\n      \"Effect\": \"Allow\",\n      \"Action\": [\n        \"codecommit:UploadArchive\",\n        \"codecommit:GetUploadArchiveStatus\",\n        \"codecommit:GetCommit\",\n        \"codecommit:GetBranch\",\n        \"codecommit:CancelUploadArchive\"\n      ],\n      \"Resource\": \"*\"\n    },\n    {\n      \"Sid\": \"\",\n      \"Effect\": \"Allow\",\n      \"Action\": [\n        \"codedeploy:RegisterApplicationRevision\",\n        \"codedeploy:GetDeploymentConfig\",\n        \"codedeploy:GetDeployment\",\n        \"codedeploy:GetApplicationRevision\",\n        \"codedeploy:GetApplication\",\n        \"codedeploy:CreateDeployment\"\n      ],\n      \"Resource\": \"*\"\n    },\n    {\n      \"Sid\": \"\",\n      \"Effect\": \"Allow\",\n      \"Action\": [\n        \"sqs:*\",\n        \"sns:*\",\n        \"s3:*\",\n        \"rds:*\",\n        \"elasticloadbalancing:*\",\n        \"elasticbeanstalk:*\",\n        \"ecs:*\",\n        \"ec2:*\",\n        \"cloudwatch:*\",\n        \"cloudformation:*\",\n        \"autoscaling:*\"\n      ],\n      \"Resource\": \"*\"\n    },\n    {\n      \"Sid\": \"\",\n      \"Effect\": \"Allow\",\n      \"Action\": [\n        \"lambda:ListFunctions\",\n        \"lambda:InvokeFunction\"\n      ],\n      \"Resource\": \"*\"\n    },\n    {\n      \"Sid\": \"\",\n      \"Effect\": \"Allow\",\n      \"Action\": [\n        \"opsworks:UpdateStack\",\n        \"opsworks:UpdateApp\",\n        \"opsworks:DescribeStacks\",\n        \"opsworks:DescribeInstances\",\n        \"opsworks:DescribeDeployments\",\n        \"opsworks:DescribeCommands\",\n        \"opsworks:DescribeApps\",\n        \"opsworks:CreateDeployment\"\n      ],\n      \"Resource\": \"*\"\n    },\n    {\n      \"Sid\": \"\",\n      \"Effect\": \"Allow\",\n      \"Action\": [\n        \"cloudformation:ValidateTemplate\",\n        \"cloudformation:UpdateStack\",\n        \"cloudformation:SetStackPolicy\",\n        \"cloudformation:ExecuteChangeSet\",\n        \"cloudformation:DescribeStacks\",\n        \"cloudformation:DescribeChangeSet\",\n        \"cloudformation:DeleteStack\",\n        \"cloudformation:DeleteChangeSet\",\n        \"cloudformation:CreateStack\",\n        \"cloudformation:CreateChangeSet\"\n      ],\n      \"Resource\": \"*\"\n    },\n    {\n      \"Sid\": \"\",\n      \"Effect\": \"Allow\",\n      \"Action\": [\n        \"codebuild:StartBuild\",\n        \"codebuild:BatchGetBuilds\"\n      ],\n      \"Resource\": \"*\"\n    },\n    {\n      \"Sid\": \"\",\n      \"Effect\": \"Allow\",\n      \"Action\": [\n        \"devicefarm:ScheduleRun\",\n        \"devicefarm:ListProjects\",\n        \"devicefarm:ListDevicePools\",\n        \"devicefarm:GetUpload\",\n        \"devicefarm:GetRun\",\n        \"devicefarm:CreateUpload\"\n      ],\n      \"Resource\": \"*\"\n    },\n    {\n      \"Sid\": \"\",\n      \"Effect\": \"Allow\",\n      \"Action\": [\n        \"servicecatalog:UpdateProduct\",\n        \"servicecatalog:ListProvisioningArtifacts\",\n        \"servicecatalog:DescribeProvisioningArtifact\",\n        \"servicecatalog:DeleteProvisioningArtifact\",\n        \"servicecatalog:CreateProvisioningArtifact\"\n      ],\n      \"Resource\": \"*\"\n    },\n    {\n      \"Sid\": \"\",\n      \"Effect\": \"Allow\",\n      \"Action\": \"cloudformation:ValidateTemplate\",\n      \"Resource\": \"*\"\n    },\n    {\n      \"Sid\": \"\",\n      \"Effect\": \"Allow\",\n      \"Action\": \"ecr:DescribeImages\",\n      \"Resource\": \"*\"\n    }\n  ]\n}",
                            "statement.#": "12",
                            "statement.0.actions.#": "1",
                            "statement.0.actions.646648939": "iam:PassRole",
                            "statement.0.condition.#": "1",
                            "statement.0.condition.3403270211.test": "StringEqualsIfExists",
                            "statement.0.condition.3403270211.values.#": "4",
                            "statement.0.condition.3403270211.values.3389920935": "ecs-tasks.amazonaws.com",
                            "statement.0.condition.3403270211.values.3655884555": "ec2.amazonaws.com",
                            "statement.0.condition.3403270211.values.3970710366": "elasticbeanstalk.amazonaws.com",
                            "statement.0.condition.3403270211.values.418941786": "cloudformation.amazonaws.com",
                            "statement.0.condition.3403270211.variable": "iam:PassedToService",
                            "statement.0.effect": "Allow",
                            "statement.0.not_actions.#": "0",
                            "statement.0.not_principals.#": "0",
                            "statement.0.not_resources.#": "0",
                            "statement.0.principals.#": "0",
                            "statement.0.resources.#": "1",
                            "statement.0.resources.2679715827": "*",
                            "statement.0.sid": "",
                            "statement.1.actions.#": "5",
                            "statement.1.actions.2640427653": "codecommit:UploadArchive",
                            "statement.1.actions.3369966713": "codecommit:GetUploadArchiveStatus",
                            "statement.1.actions.435871958": "codecommit:CancelUploadArchive",
                            "statement.1.actions.62057190": "codecommit:GetBranch",
                            "statement.1.actions.640182899": "codecommit:GetCommit",
                            "statement.1.condition.#": "0",
                            "statement.1.effect": "Allow",
                            "statement.1.not_actions.#": "0",
                            "statement.1.not_principals.#": "0",
                            "statement.1.not_resources.#": "0",
                            "statement.1.principals.#": "0",
                            "statement.1.resources.#": "1",
                            "statement.1.resources.2679715827": "*",
                            "statement.1.sid": "",
                            "statement.10.actions.#": "1",
                            "statement.10.actions.2990095891": "cloudformation:ValidateTemplate",
                            "statement.10.condition.#": "0",
                            "statement.10.effect": "Allow",
                            "statement.10.not_actions.#": "0",
                            "statement.10.not_principals.#": "0",
                            "statement.10.not_resources.#": "0",
                            "statement.10.principals.#": "0",
                            "statement.10.resources.#": "1",
                            "statement.10.resources.2679715827": "*",
                            "statement.10.sid": "",
                            "statement.11.actions.#": "1",
                            "statement.11.actions.3658911630": "ecr:DescribeImages",
                            "statement.11.condition.#": "0",
                            "statement.11.effect": "Allow",
                            "statement.11.not_actions.#": "0",
                            "statement.11.not_principals.#": "0",
                            "statement.11.not_resources.#": "0",
                            "statement.11.principals.#": "0",
                            "statement.11.resources.#": "1",
                            "statement.11.resources.2679715827": "*",
                            "statement.11.sid": "",
                            "statement.2.actions.#": "6",
                            "statement.2.actions.1466667343": "codedeploy:RegisterApplicationRevision",
                            "statement.2.actions.3101888219": "codedeploy:GetApplication",
                            "statement.2.actions.3131175836": "codedeploy:GetDeployment",
                            "statement.2.actions.3142513876": "codedeploy:CreateDeployment",
                            "statement.2.actions.3878143906": "codedeploy:GetApplicationRevision",
                            "statement.2.actions.725089899": "codedeploy:GetDeploymentConfig",
                            "statement.2.condition.#": "0",
                            "statement.2.effect": "Allow",
                            "statement.2.not_actions.#": "0",
                            "statement.2.not_principals.#": "0",
                            "statement.2.not_resources.#": "0",
                            "statement.2.principals.#": "0",
                            "statement.2.resources.#": "1",
                            "statement.2.resources.2679715827": "*",
                            "statement.2.sid": "",
                            "statement.3.actions.#": "11",
                            "statement.3.actions.1834123015": "s3:*",
                            "statement.3.actions.1993366923": "sqs:*",
                            "statement.3.actions.2257256399": "cloudformation:*",
                            "statement.3.actions.2410490405": "cloudwatch:*",
                            "statement.3.actions.2489343448": "sns:*",
                            "statement.3.actions.2583978246": "elasticbeanstalk:*",
                            "statement.3.actions.2597799863": "ec2:*",
                            "statement.3.actions.3112138991": "ecs:*",
                            "statement.3.actions.361535196": "rds:*",
                            "statement.3.actions.3725379174": "elasticloadbalancing:*",
                            "statement.3.actions.4085323898": "autoscaling:*",
                            "statement.3.condition.#": "0",
                            "statement.3.effect": "Allow",
                            "statement.3.not_actions.#": "0",
                            "statement.3.not_principals.#": "0",
                            "statement.3.not_resources.#": "0",
                            "statement.3.principals.#": "0",
                            "statement.3.resources.#": "1",
                            "statement.3.resources.2679715827": "*",
                            "statement.3.sid": "",
                            "statement.4.actions.#": "2",
                            "statement.4.actions.3363766922": "lambda:InvokeFunction",
                            "statement.4.actions.3837737954": "lambda:ListFunctions",
                            "statement.4.condition.#": "0",
                            "statement.4.effect": "Allow",
                            "statement.4.not_actions.#": "0",
                            "statement.4.not_principals.#": "0",
                            "statement.4.not_resources.#": "0",
                            "statement.4.principals.#": "0",
                            "statement.4.resources.#": "1",
                            "statement.4.resources.2679715827": "*",
                            "statement.4.sid": "",
                            "statement.5.actions.#": "8",
                            "statement.5.actions.2636474190": "opsworks:DescribeDeployments",
                            "statement.5.actions.2874813539": "opsworks:DescribeInstances",
                            "statement.5.actions.2937527810": "opsworks:DescribeCommands",
                            "statement.5.actions.3182185536": "opsworks:UpdateApp",
                            "statement.5.actions.3361537031": "opsworks:UpdateStack",
                            "statement.5.actions.3391252164": "opsworks:DescribeApps",
                            "statement.5.actions.4117939463": "opsworks:DescribeStacks",
                            "statement.5.actions.514273083": "opsworks:CreateDeployment",
                            "statement.5.condition.#": "0",
                            "statement.5.effect": "Allow",
                            "statement.5.not_actions.#": "0",
                            "statement.5.not_principals.#": "0",
                            "statement.5.not_resources.#": "0",
                            "statement.5.principals.#": "0",
                            "statement.5.resources.#": "1",
                            "statement.5.resources.2679715827": "*",
                            "statement.5.sid": "",
                            "statement.6.actions.#": "10",
                            "statement.6.actions.2381637807": "cloudformation:SetStackPolicy",
                            "statement.6.actions.2498338800": "cloudformation:CreateChangeSet",
                            "statement.6.actions.2990095891": "cloudformation:ValidateTemplate",
                            "statement.6.actions.3006969889": "cloudformation:UpdateStack",
                            "statement.6.actions.3038601411": "cloudformation:DeleteStack",
                            "statement.6.actions.3280019967": "cloudformation:ExecuteChangeSet",
                            "statement.6.actions.3634127366": "cloudformation:DeleteChangeSet",
                            "statement.6.actions.383695696": "cloudformation:DescribeChangeSet",
                            "statement.6.actions.3887145666": "cloudformation:CreateStack",
                            "statement.6.actions.4185305410": "cloudformation:DescribeStacks",
                            "statement.6.condition.#": "0",
                            "statement.6.effect": "Allow",
                            "statement.6.not_actions.#": "0",
                            "statement.6.not_principals.#": "0",
                            "statement.6.not_resources.#": "0",
                            "statement.6.principals.#": "0",
                            "statement.6.resources.#": "1",
                            "statement.6.resources.2679715827": "*",
                            "statement.6.sid": "",
                            "statement.7.actions.#": "2",
                            "statement.7.actions.1287944848": "codebuild:StartBuild",
                            "statement.7.actions.2748609266": "codebuild:BatchGetBuilds",
                            "statement.7.condition.#": "0",
                            "statement.7.effect": "Allow",
                            "statement.7.not_actions.#": "0",
                            "statement.7.not_principals.#": "0",
                            "statement.7.not_resources.#": "0",
                            "statement.7.principals.#": "0",
                            "statement.7.resources.#": "1",
                            "statement.7.resources.2679715827": "*",
                            "statement.7.sid": "",
                            "statement.8.actions.#": "6",
                            "statement.8.actions.1173043991": "devicefarm:ListProjects",
                            "statement.8.actions.2217668711": "devicefarm:GetUpload",
                            "statement.8.actions.2878226936": "devicefarm:ListDevicePools",
                            "statement.8.actions.3192045249": "devicefarm:ScheduleRun",
                            "statement.8.actions.3342920524": "devicefarm:CreateUpload",
                            "statement.8.actions.3872165162": "devicefarm:GetRun",
                            "statement.8.condition.#": "0",
                            "statement.8.effect": "Allow",
                            "statement.8.not_actions.#": "0",
                            "statement.8.not_principals.#": "0",
                            "statement.8.not_resources.#": "0",
                            "statement.8.principals.#": "0",
                            "statement.8.resources.#": "1",
                            "statement.8.resources.2679715827": "*",
                            "statement.8.sid": "",
                            "statement.9.actions.#": "5",
                            "statement.9.actions.1288641368": "servicecatalog:ListProvisioningArtifacts",
                            "statement.9.actions.1425932320": "servicecatalog:CreateProvisioningArtifact",
                            "statement.9.actions.2414268810": "servicecatalog:UpdateProduct",
                            "statement.9.actions.339540766": "servicecatalog:DeleteProvisioningArtifact",
                            "statement.9.actions.3936796828": "servicecatalog:DescribeProvisioningArtifact",
                            "statement.9.condition.#": "0",
                            "statement.9.effect": "Allow",
                            "statement.9.not_actions.#": "0",
                            "statement.9.not_principals.#": "0",
                            "statement.9.not_resources.#": "0",
                            "statement.9.principals.#": "0",
                            "statement.9.resources.#": "1",
                            "statement.9.resources.2679715827": "*",
                            "statement.9.sid": "",
                            "version": "2012-10-17"
                        },
                        "meta": {},
                        "tainted": false
                    },
                    "deposed": [],
                    "provider": "provider.aws"
                },
                "data.aws_iam_policy_document.stg-portfolio-site-html-updater": {
                    "type": "aws_iam_policy_document",
                    "depends_on": [],
                    "primary": {
                        "id": "320642683",
                        "attributes": {
                            "id": "320642683",
                            "json": "{\n  \"Version\": \"2012-10-17\",\n  \"Statement\": [\n    {\n      \"Sid\": \"\",\n      \"Effect\": \"Allow\",\n      \"Action\": \"sts:AssumeRole\",\n      \"Principal\": {\n        \"Service\": \"ecs-tasks.amazonaws.com\"\n      }\n    }\n  ]\n}",
                            "statement.#": "1",
                            "statement.0.actions.#": "1",
                            "statement.0.actions.2528466339": "sts:AssumeRole",
                            "statement.0.condition.#": "0",
                            "statement.0.effect": "Allow",
                            "statement.0.not_actions.#": "0",
                            "statement.0.not_principals.#": "0",
                            "statement.0.not_resources.#": "0",
                            "statement.0.principals.#": "1",
                            "statement.0.principals.1709806136.identifiers.#": "1",
                            "statement.0.principals.1709806136.identifiers.3389920935": "ecs-tasks.amazonaws.com",
                            "statement.0.principals.1709806136.type": "Service",
                            "statement.0.resources.#": "0",
                            "statement.0.sid": "",
                            "version": "2012-10-17"
                        },
                        "meta": {},
                        "tainted": false
                    },
                    "deposed": [],
                    "provider": "provider.aws"
                },
                "data.aws_iam_policy_document.stg-portfolio-site-html-updater-policy": {
                    "type": "aws_iam_policy_document",
                    "depends_on": [],
                    "primary": {
                        "id": "3228841632",
                        "attributes": {
                            "id": "3228841632",
                            "json": "{\n  \"Version\": \"2012-10-17\",\n  \"Statement\": [\n    {\n      \"Sid\": \"\",\n      \"Effect\": \"Allow\",\n      \"Action\": \"s3:*\",\n      \"Resource\": \"*\"\n    }\n  ]\n}",
                            "statement.#": "1",
                            "statement.0.actions.#": "1",
                            "statement.0.actions.1834123015": "s3:*",
                            "statement.0.condition.#": "0",
                            "statement.0.effect": "Allow",
                            "statement.0.not_actions.#": "0",
                            "statement.0.not_principals.#": "0",
                            "statement.0.not_resources.#": "0",
                            "statement.0.principals.#": "0",
                            "statement.0.resources.#": "1",
                            "statement.0.resources.2679715827": "*",
                            "statement.0.sid": "",
                            "version": "2012-10-17"
                        },
                        "meta": {},
                        "tainted": false
                    },
                    "deposed": [],
                    "provider": "provider.aws"
                }
            },
            "depends_on": []
        }
    ]
}
